
Microsoft Visual Studio Solution File, Format Version 12.00
# Visual Studio 15
VisualStudioVersion = 15.0.28307.136
MinimumVisualStudioVersion = 10.0.40219.1
Project("{8BC9CEB8-8B4A-11D0-8D11-00A0C91BC942}") = "algorithm_exercise", "algorithm_exercise\algorithm_exercise.vcxproj", "{9041C05B-C0B5-41E4-ACE6-D469518B444B}"
EndProject
Project("{8BC9CEB8-8B4A-11D0-8D11-00A0C91BC942}") = "StarStamp_3", "StarStamp_3\StarStamp_3.vcxproj", "{B4FEDAE5-F381-492C-B5C2-2427495F7CBC}"
EndProject
Project("{8BC9CEB8-8B4A-11D0-8D11-00A0C91BC942}") = "StarStamp_2", "StarStamp_2\StarStamp_2.vcxproj", "{A8643DD1-B866-4869-9FF7-8766FBF1284C}"
EndProject
Project("{8BC9CEB8-8B4A-11D0-8D11-00A0C91BC942}") = "StarStamp4_diamond", "StarStamp4_diamond\StarStamp4_diamond.vcxproj", "{8008569F-A20C-45EC-9F05-17BF6DD3FF33}"
EndProject
Project("{8BC9CEB8-8B4A-11D0-8D11-00A0C91BC942}") = "001_1to100Odd", "001_1to100Odd\001_1to100Odd.vcxproj", "{831D6B60-3E7F-475C-BBF7-2E860EE0ECCA}"
EndProject
Project("{8BC9CEB8-8B4A-11D0-8D11-00A0C91BC942}") = "002_1to100Even", "002_1to100Even\002_1to100Even.vcxproj", "{0368A07F-0DF9-47EF-AF92-9876D82C92D7}"
EndProject
Project("{8BC9CEB8-8B4A-11D0-8D11-00A0C91BC942}") = "003_SmalltoBigSort", "003_SmalltoBigSort\003_SmalltoBigSort.vcxproj", "{56B89C31-8F3E-459E-8BCB-B36CD3929C33}"
EndProject
Project("{8BC9CEB8-8B4A-11D0-8D11-00A0C91BC942}") = "005_AddOdd", "005_AddOdd\005_AddOdd.vcxproj", "{9EE4E2BC-C5C7-4126-B4ED-90285AC58989}"
EndProject
Project("{8BC9CEB8-8B4A-11D0-8D11-00A0C91BC942}") = "006_Sw_더블더블", "006_Sw_더블더블\006_Sw_더블더블.vcxproj", "{05D6C895-2822-4D69-8E4B-1E2325B3AA34}"
EndProject
Project("{8BC9CEB8-8B4A-11D0-8D11-00A0C91BC942}") = "007_Sw_가위바위보", "007_Sw_가위바위보\007_Sw_가위바위보.vcxproj", "{6C4944EA-5263-4714-98DA-F613ECF09B5A}"
EndProject
Project("{8BC9CEB8-8B4A-11D0-8D11-00A0C91BC942}") = "008_Sw_약수", "008_Sw_약수\008_Sw_약수.vcxproj", "{395BD4B4-E052-42BC-81B7-FB3072A61ADA}"
EndProject
Project("{8BC9CEB8-8B4A-11D0-8D11-00A0C91BC942}") = "009_sw_간단한 계산기", "009_sw_간단한 계산기\009_sw_간단한 계산기.vcxproj", "{04B229B0-86F5-4BC1-8E81-18B12A369821}"
EndProject
Project("{8BC9CEB8-8B4A-11D0-8D11-00A0C91BC942}") = "010_Sw_N줄더하기", "010_Sw_N줄더하기\010_Sw_N줄더하기.vcxproj", "{782B32E4-B837-4963-A8B4-81141383845F}"
EndProject
Project("{8BC9CEB8-8B4A-11D0-8D11-00A0C91BC942}") = "011_Sw_몫과 나머지 출력하기", "011_Sw_몫과 나머지 출력하기\011_Sw_몫과 나머지 출력하기.vcxproj", "{BF566BD5-8D88-4443-B195-340D95B2B4CF}"
EndProject
Project("{8BC9CEB8-8B4A-11D0-8D11-00A0C91BC942}") = "012_Sw_서랍의 비밀번호", "012_Sw_서랍의 비밀번호\012_Sw_서랍의 비밀번호.vcxproj", "{53D76B91-AC85-486C-95B3-8A014164D636}"
EndProject
Project("{8BC9CEB8-8B4A-11D0-8D11-00A0C91BC942}") = "Project2", "Project2\Project2.vcxproj", "{E0062B75-158C-4B0D-B3D3-EFD0825352BD}"
EndProject
Project("{8BC9CEB8-8B4A-11D0-8D11-00A0C91BC942}") = "013_Sw_최빈수 구하기", "013_Sw_최빈수 구하기\013_Sw_최빈수 구하기.vcxproj", "{F7550663-43AB-497A-800D-F57F86E061E2}"
EndProject
Global
	GlobalSection(SolutionConfigurationPlatforms) = preSolution
		Debug|x64 = Debug|x64
		Debug|x86 = Debug|x86
		Release|x64 = Release|x64
		Release|x86 = Release|x86
	EndGlobalSection
	GlobalSection(ProjectConfigurationPlatforms) = postSolution
		{9041C05B-C0B5-41E4-ACE6-D469518B444B}.Debug|x64.ActiveCfg = Debug|x64
		{9041C05B-C0B5-41E4-ACE6-D469518B444B}.Debug|x64.Build.0 = Debug|x64
		{9041C05B-C0B5-41E4-ACE6-D469518B444B}.Debug|x86.ActiveCfg = Debug|Win32
		{9041C05B-C0B5-41E4-ACE6-D469518B444B}.Debug|x86.Build.0 = Debug|Win32
		{9041C05B-C0B5-41E4-ACE6-D469518B444B}.Release|x64.ActiveCfg = Release|x64
		{9041C05B-C0B5-41E4-ACE6-D469518B444B}.Release|x64.Build.0 = Release|x64
		{9041C05B-C0B5-41E4-ACE6-D469518B444B}.Release|x86.ActiveCfg = Release|Win32
		{9041C05B-C0B5-41E4-ACE6-D469518B444B}.Release|x86.Build.0 = Release|Win32
		{B4FEDAE5-F381-492C-B5C2-2427495F7CBC}.Debug|x64.ActiveCfg = Debug|x64
		{B4FEDAE5-F381-492C-B5C2-2427495F7CBC}.Debug|x64.Build.0 = Debug|x64
		{B4FEDAE5-F381-492C-B5C2-2427495F7CBC}.Debug|x86.ActiveCfg = Debug|Win32
		{B4FEDAE5-F381-492C-B5C2-2427495F7CBC}.Debug|x86.Build.0 = Debug|Win32
		{B4FEDAE5-F381-492C-B5C2-2427495F7CBC}.Release|x64.ActiveCfg = Release|x64
		{B4FEDAE5-F381-492C-B5C2-2427495F7CBC}.Release|x64.Build.0 = Release|x64
		{B4FEDAE5-F381-492C-B5C2-2427495F7CBC}.Release|x86.ActiveCfg = Release|Win32
		{B4FEDAE5-F381-492C-B5C2-2427495F7CBC}.Release|x86.Build.0 = Release|Win32
		{A8643DD1-B866-4869-9FF7-8766FBF1284C}.Debug|x64.ActiveCfg = Debug|x64
		{A8643DD1-B866-4869-9FF7-8766FBF1284C}.Debug|x64.Build.0 = Debug|x64
		{A8643DD1-B866-4869-9FF7-8766FBF1284C}.Debug|x86.ActiveCfg = Debug|Win32
		{A8643DD1-B866-4869-9FF7-8766FBF1284C}.Debug|x86.Build.0 = Debug|Win32
		{A8643DD1-B866-4869-9FF7-8766FBF1284C}.Release|x64.ActiveCfg = Release|x64
		{A8643DD1-B866-4869-9FF7-8766FBF1284C}.Release|x64.Build.0 = Release|x64
		{A8643DD1-B866-4869-9FF7-8766FBF1284C}.Release|x86.ActiveCfg = Release|Win32
		{A8643DD1-B866-4869-9FF7-8766FBF1284C}.Release|x86.Build.0 = Release|Win32
		{8008569F-A20C-45EC-9F05-17BF6DD3FF33}.Debug|x64.ActiveCfg = Debug|x64
		{8008569F-A20C-45EC-9F05-17BF6DD3FF33}.Debug|x64.Build.0 = Debug|x64
		{8008569F-A20C-45EC-9F05-17BF6DD3FF33}.Debug|x86.ActiveCfg = Debug|Win32
		{8008569F-A20C-45EC-9F05-17BF6DD3FF33}.Debug|x86.Build.0 = Debug|Win32
		{8008569F-A20C-45EC-9F05-17BF6DD3FF33}.Release|x64.ActiveCfg = Release|x64
		{8008569F-A20C-45EC-9F05-17BF6DD3FF33}.Release|x64.Build.0 = Release|x64
		{8008569F-A20C-45EC-9F05-17BF6DD3FF33}.Release|x86.ActiveCfg = Release|Win32
		{8008569F-A20C-45EC-9F05-17BF6DD3FF33}.Release|x86.Build.0 = Release|Win32
		{831D6B60-3E7F-475C-BBF7-2E860EE0ECCA}.Debug|x64.ActiveCfg = Debug|x64
		{831D6B60-3E7F-475C-BBF7-2E860EE0ECCA}.Debug|x64.Build.0 = Debug|x64
		{831D6B60-3E7F-475C-BBF7-2E860EE0ECCA}.Debug|x86.ActiveCfg = Debug|Win32
		{831D6B60-3E7F-475C-BBF7-2E860EE0ECCA}.Debug|x86.Build.0 = Debug|Win32
		{831D6B60-3E7F-475C-BBF7-2E860EE0ECCA}.Release|x64.ActiveCfg = Release|x64
		{831D6B60-3E7F-475C-BBF7-2E860EE0ECCA}.Release|x64.Build.0 = Release|x64
		{831D6B60-3E7F-475C-BBF7-2E860EE0ECCA}.Release|x86.ActiveCfg = Release|Win32
		{831D6B60-3E7F-475C-BBF7-2E860EE0ECCA}.Release|x86.Build.0 = Release|Win32
		{0368A07F-0DF9-47EF-AF92-9876D82C92D7}.Debug|x64.ActiveCfg = Debug|x64
		{0368A07F-0DF9-47EF-AF92-9876D82C92D7}.Debug|x64.Build.0 = Debug|x64
		{0368A07F-0DF9-47EF-AF92-9876D82C92D7}.Debug|x86.ActiveCfg = Debug|Win32
		{0368A07F-0DF9-47EF-AF92-9876D82C92D7}.Debug|x86.Build.0 = Debug|Win32
		{0368A07F-0DF9-47EF-AF92-9876D82C92D7}.Release|x64.ActiveCfg = Release|x64
		{0368A07F-0DF9-47EF-AF92-9876D82C92D7}.Release|x64.Build.0 = Release|x64
		{0368A07F-0DF9-47EF-AF92-9876D82C92D7}.Release|x86.ActiveCfg = Release|Win32
		{0368A07F-0DF9-47EF-AF92-9876D82C92D7}.Release|x86.Build.0 = Release|Win32
		{56B89C31-8F3E-459E-8BCB-B36CD3929C33}.Debug|x64.ActiveCfg = Debug|x64
		{56B89C31-8F3E-459E-8BCB-B36CD3929C33}.Debug|x64.Build.0 = Debug|x64
		{56B89C31-8F3E-459E-8BCB-B36CD3929C33}.Debug|x86.ActiveCfg = Debug|Win32
		{56B89C31-8F3E-459E-8BCB-B36CD3929C33}.Debug|x86.Build.0 = Debug|Win32
		{56B89C31-8F3E-459E-8BCB-B36CD3929C33}.Release|x64.ActiveCfg = Release|x64
		{56B89C31-8F3E-459E-8BCB-B36CD3929C33}.Release|x64.Build.0 = Release|x64
		{56B89C31-8F3E-459E-8BCB-B36CD3929C33}.Release|x86.ActiveCfg = Release|Win32
		{56B89C31-8F3E-459E-8BCB-B36CD3929C33}.Release|x86.Build.0 = Release|Win32
		{9EE4E2BC-C5C7-4126-B4ED-90285AC58989}.Debug|x64.ActiveCfg = Debug|x64
		{9EE4E2BC-C5C7-4126-B4ED-90285AC58989}.Debug|x64.Build.0 = Debug|x64
		{9EE4E2BC-C5C7-4126-B4ED-90285AC58989}.Debug|x86.ActiveCfg = Debug|Win32
		{9EE4E2BC-C5C7-4126-B4ED-90285AC58989}.Debug|x86.Build.0 = Debug|Win32
		{9EE4E2BC-C5C7-4126-B4ED-90285AC58989}.Release|x64.ActiveCfg = Release|x64
		{9EE4E2BC-C5C7-4126-B4ED-90285AC58989}.Release|x64.Build.0 = Release|x64
		{9EE4E2BC-C5C7-4126-B4ED-90285AC58989}.Release|x86.ActiveCfg = Release|Win32
		{9EE4E2BC-C5C7-4126-B4ED-90285AC58989}.Release|x86.Build.0 = Release|Win32
		{05D6C895-2822-4D69-8E4B-1E2325B3AA34}.Debug|x64.ActiveCfg = Debug|x64
		{05D6C895-2822-4D69-8E4B-1E2325B3AA34}.Debug|x64.Build.0 = Debug|x64
		{05D6C895-2822-4D69-8E4B-1E2325B3AA34}.Debug|x86.ActiveCfg = Debug|Win32
		{05D6C895-2822-4D69-8E4B-1E2325B3AA34}.Debug|x86.Build.0 = Debug|Win32
		{05D6C895-2822-4D69-8E4B-1E2325B3AA34}.Release|x64.ActiveCfg = Release|x64
		{05D6C895-2822-4D69-8E4B-1E2325B3AA34}.Release|x64.Build.0 = Release|x64
		{05D6C895-2822-4D69-8E4B-1E2325B3AA34}.Release|x86.ActiveCfg = Release|Win32
		{05D6C895-2822-4D69-8E4B-1E2325B3AA34}.Release|x86.Build.0 = Release|Win32
		{6C4944EA-5263-4714-98DA-F613ECF09B5A}.Debug|x64.ActiveCfg = Debug|x64
		{6C4944EA-5263-4714-98DA-F613ECF09B5A}.Debug|x64.Build.0 = Debug|x64
		{6C4944EA-5263-4714-98DA-F613ECF09B5A}.Debug|x86.ActiveCfg = Debug|Win32
		{6C4944EA-5263-4714-98DA-F613ECF09B5A}.Debug|x86.Build.0 = Debug|Win32
		{6C4944EA-5263-4714-98DA-F613ECF09B5A}.Release|x64.ActiveCfg = Release|x64
		{6C4944EA-5263-4714-98DA-F613ECF09B5A}.Release|x64.Build.0 = Release|x64
		{6C4944EA-5263-4714-98DA-F613ECF09B5A}.Release|x86.ActiveCfg = Release|Win32
		{6C4944EA-5263-4714-98DA-F613ECF09B5A}.Release|x86.Build.0 = Release|Win32
		{395BD4B4-E052-42BC-81B7-FB3072A61ADA}.Debug|x64.ActiveCfg = Debug|x64
		{395BD4B4-E052-42BC-81B7-FB3072A61ADA}.Debug|x64.Build.0 = Debug|x64
		{395BD4B4-E052-42BC-81B7-FB3072A61ADA}.Debug|x86.ActiveCfg = Debug|Win32
		{395BD4B4-E052-42BC-81B7-FB3072A61ADA}.Debug|x86.Build.0 = Debug|Win32
		{395BD4B4-E052-42BC-81B7-FB3072A61ADA}.Release|x64.ActiveCfg = Release|x64
		{395BD4B4-E052-42BC-81B7-FB3072A61ADA}.Release|x64.Build.0 = Release|x64
		{395BD4B4-E052-42BC-81B7-FB3072A61ADA}.Release|x86.ActiveCfg = Release|Win32
		{395BD4B4-E052-42BC-81B7-FB3072A61ADA}.Release|x86.Build.0 = Release|Win32
		{04B229B0-86F5-4BC1-8E81-18B12A369821}.Debug|x64.ActiveCfg = Debug|x64
		{04B229B0-86F5-4BC1-8E81-18B12A369821}.Debug|x64.Build.0 = Debug|x64
		{04B229B0-86F5-4BC1-8E81-18B12A369821}.Debug|x86.ActiveCfg = Debug|Win32
		{04B229B0-86F5-4BC1-8E81-18B12A369821}.Debug|x86.Build.0 = Debug|Win32
		{04B229B0-86F5-4BC1-8E81-18B12A369821}.Release|x64.ActiveCfg = Release|x64
		{04B229B0-86F5-4BC1-8E81-18B12A369821}.Release|x64.Build.0 = Release|x64
		{04B229B0-86F5-4BC1-8E81-18B12A369821}.Release|x86.ActiveCfg = Release|Win32
		{04B229B0-86F5-4BC1-8E81-18B12A369821}.Release|x86.Build.0 = Release|Win32
		{782B32E4-B837-4963-A8B4-81141383845F}.Debug|x64.ActiveCfg = Debug|x64
		{782B32E4-B837-4963-A8B4-81141383845F}.Debug|x64.Build.0 = Debug|x64
		{782B32E4-B837-4963-A8B4-81141383845F}.Debug|x86.ActiveCfg = Debug|Win32
		{782B32E4-B837-4963-A8B4-81141383845F}.Debug|x86.Build.0 = Debug|Win32
		{782B32E4-B837-4963-A8B4-81141383845F}.Release|x64.ActiveCfg = Release|x64
		{782B32E4-B837-4963-A8B4-81141383845F}.Release|x64.Build.0 = Release|x64
		{782B32E4-B837-4963-A8B4-81141383845F}.Release|x86.ActiveCfg = Release|Win32
		{782B32E4-B837-4963-A8B4-81141383845F}.Release|x86.Build.0 = Release|Win32
		{BF566BD5-8D88-4443-B195-340D95B2B4CF}.Debug|x64.ActiveCfg = Debug|x64
		{BF566BD5-8D88-4443-B195-340D95B2B4CF}.Debug|x64.Build.0 = Debug|x64
		{BF566BD5-8D88-4443-B195-340D95B2B4CF}.Debug|x86.ActiveCfg = Debug|Win32
		{BF566BD5-8D88-4443-B195-340D95B2B4CF}.Debug|x86.Build.0 = Debug|Win32
		{BF566BD5-8D88-4443-B195-340D95B2B4CF}.Release|x64.ActiveCfg = Release|x64
		{BF566BD5-8D88-4443-B195-340D95B2B4CF}.Release|x64.Build.0 = Release|x64
		{BF566BD5-8D88-4443-B195-340D95B2B4CF}.Release|x86.ActiveCfg = Release|Win32
		{BF566BD5-8D88-4443-B195-340D95B2B4CF}.Release|x86.Build.0 = Release|Win32
		{53D76B91-AC85-486C-95B3-8A014164D636}.Debug|x64.ActiveCfg = Debug|x64
		{53D76B91-AC85-486C-95B3-8A014164D636}.Debug|x64.Build.0 = Debug|x64
		{53D76B91-AC85-486C-95B3-8A014164D636}.Debug|x86.ActiveCfg = Debug|Win32
		{53D76B91-AC85-486C-95B3-8A014164D636}.Debug|x86.Build.0 = Debug|Win32
		{53D76B91-AC85-486C-95B3-8A014164D636}.Release|x64.ActiveCfg = Release|x64
		{53D76B91-AC85-486C-95B3-8A014164D636}.Release|x64.Build.0 = Release|x64
		{53D76B91-AC85-486C-95B3-8A014164D636}.Release|x86.ActiveCfg = Release|Win32
		{53D76B91-AC85-486C-95B3-8A014164D636}.Release|x86.Build.0 = Release|Win32
		{E0062B75-158C-4B0D-B3D3-EFD0825352BD}.Debug|x64.ActiveCfg = Debug|x64
		{E0062B75-158C-4B0D-B3D3-EFD0825352BD}.Debug|x64.Build.0 = Debug|x64
		{E0062B75-158C-4B0D-B3D3-EFD0825352BD}.Debug|x86.ActiveCfg = Debug|Win32
		{E0062B75-158C-4B0D-B3D3-EFD0825352BD}.Debug|x86.Build.0 = Debug|Win32
		{E0062B75-158C-4B0D-B3D3-EFD0825352BD}.Release|x64.ActiveCfg = Release|x64
		{E0062B75-158C-4B0D-B3D3-EFD0825352BD}.Release|x64.Build.0 = Release|x64
		{E0062B75-158C-4B0D-B3D3-EFD0825352BD}.Release|x86.ActiveCfg = Release|Win32
		{E0062B75-158C-4B0D-B3D3-EFD0825352BD}.Release|x86.Build.0 = Release|Win32
		{F7550663-43AB-497A-800D-F57F86E061E2}.Debug|x64.ActiveCfg = Debug|x64
		{F7550663-43AB-497A-800D-F57F86E061E2}.Debug|x64.Build.0 = Debug|x64
		{F7550663-43AB-497A-800D-F57F86E061E2}.Debug|x86.ActiveCfg = Debug|Win32
		{F7550663-43AB-497A-800D-F57F86E061E2}.Debug|x86.Build.0 = Debug|Win32
		{F7550663-43AB-497A-800D-F57F86E061E2}.Release|x64.ActiveCfg = Release|x64
		{F7550663-43AB-497A-800D-F57F86E061E2}.Release|x64.Build.0 = Release|x64
		{F7550663-43AB-497A-800D-F57F86E061E2}.Release|x86.ActiveCfg = Release|Win32
		{F7550663-43AB-497A-800D-F57F86E061E2}.Release|x86.Build.0 = Release|Win32
	EndGlobalSection
	GlobalSection(SolutionProperties) = preSolution
		HideSolutionNode = FALSE
	EndGlobalSection
	GlobalSection(ExtensibilityGlobals) = postSolution
		SolutionGuid = {32CBB9AD-B425-475D-8493-1D648348F60F}
	EndGlobalSection
EndGlobal
