
Microsoft Visual Studio Solution File, Format Version 12.00
# Visual Studio 15
VisualStudioVersion = 15.0.28307.136
MinimumVisualStudioVersion = 10.0.40219.1
Project("{8BC9CEB8-8B4A-11D0-8D11-00A0C91BC942}") = "algorithm_exercise", "algorithm_exercise\algorithm_exercise.vcxproj", "{9041C05B-C0B5-41E4-ACE6-D469518B444B}"
EndProject
Project("{8BC9CEB8-8B4A-11D0-8D11-00A0C91BC942}") = "StarStamp_3", "StarStamp_3\StarStamp_3.vcxproj", "{B4FEDAE5-F381-492C-B5C2-2427495F7CBC}"
EndProject
Project("{8BC9CEB8-8B4A-11D0-8D11-00A0C91BC942}") = "StarStamp_2", "StarStamp_2\StarStamp_2.vcxproj", "{A8643DD1-B866-4869-9FF7-8766FBF1284C}"
EndProject
Project("{8BC9CEB8-8B4A-11D0-8D11-00A0C91BC942}") = "StarStamp4_diamond", "StarStamp4_diamond\StarStamp4_diamond.vcxproj", "{8008569F-A20C-45EC-9F05-17BF6DD3FF33}"
EndProject
Project("{8BC9CEB8-8B4A-11D0-8D11-00A0C91BC942}") = "001_1to100Odd", "001_1to100Odd\001_1to100Odd.vcxproj", "{831D6B60-3E7F-475C-BBF7-2E860EE0ECCA}"
EndProject
Project("{8BC9CEB8-8B4A-11D0-8D11-00A0C91BC942}") = "002_1to100Even", "002_1to100Even\002_1to100Even.vcxproj", "{0368A07F-0DF9-47EF-AF92-9876D82C92D7}"
EndProject
Project("{8BC9CEB8-8B4A-11D0-8D11-00A0C91BC942}") = "003_SmalltoBigSort", "003_SmalltoBigSort\003_SmalltoBigSort.vcxproj", "{56B89C31-8F3E-459E-8BCB-B36CD3929C33}"
EndProject
Project("{8BC9CEB8-8B4A-11D0-8D11-00A0C91BC942}") = "005_AddOdd", "005_AddOdd\005_AddOdd.vcxproj", "{9EE4E2BC-C5C7-4126-B4ED-90285AC58989}"
EndProject
Project("{8BC9CEB8-8B4A-11D0-8D11-00A0C91BC942}") = "006_Sw_더블더블", "006_Sw_더블더블\006_Sw_더블더블.vcxproj", "{05D6C895-2822-4D69-8E4B-1E2325B3AA34}"
EndProject
Project("{8BC9CEB8-8B4A-11D0-8D11-00A0C91BC942}") = "007_Sw_가위바위보", "007_Sw_가위바위보\007_Sw_가위바위보.vcxproj", "{6C4944EA-5263-4714-98DA-F613ECF09B5A}"
EndProject
Project("{8BC9CEB8-8B4A-11D0-8D11-00A0C91BC942}") = "008_Sw_약수", "008_Sw_약수\008_Sw_약수.vcxproj", "{395BD4B4-E052-42BC-81B7-FB3072A61ADA}"
EndProject
Project("{8BC9CEB8-8B4A-11D0-8D11-00A0C91BC942}") = "009_sw_간단한 계산기", "009_sw_간단한 계산기\009_sw_간단한 계산기.vcxproj", "{04B229B0-86F5-4BC1-8E81-18B12A369821}"
EndProject
Project("{8BC9CEB8-8B4A-11D0-8D11-00A0C91BC942}") = "010_Sw_N줄더하기", "010_Sw_N줄더하기\010_Sw_N줄더하기.vcxproj", "{782B32E4-B837-4963-A8B4-81141383845F}"
EndProject
Project("{8BC9CEB8-8B4A-11D0-8D11-00A0C91BC942}") = "011_Sw_몫과 나머지 출력하기", "011_Sw_몫과 나머지 출력하기\011_Sw_몫과 나머지 출력하기.vcxproj", "{BF566BD5-8D88-4443-B195-340D95B2B4CF}"
EndProject
Project("{8BC9CEB8-8B4A-11D0-8D11-00A0C91BC942}") = "012_Sw_서랍의 비밀번호", "012_Sw_서랍의 비밀번호\012_Sw_서랍의 비밀번호.vcxproj", "{53D76B91-AC85-486C-95B3-8A014164D636}"
EndProject
Project("{8BC9CEB8-8B4A-11D0-8D11-00A0C91BC942}") = "Project2", "Project2\Project2.vcxproj", "{E0062B75-158C-4B0D-B3D3-EFD0825352BD}"
EndProject
Project("{8BC9CEB8-8B4A-11D0-8D11-00A0C91BC942}") = "013_Sw_최빈수 구하기", "013_Sw_최빈수 구하기\013_Sw_최빈수 구하기.vcxproj", "{F7550663-43AB-497A-800D-F57F86E061E2}"
EndProject
Project("{8BC9CEB8-8B4A-11D0-8D11-00A0C91BC942}") = "014_Sw_수도 요금 경쟁", "014_Sw_수도 요금 경쟁\014_Sw_수도 요금 경쟁.vcxproj", "{87058F11-CA50-426B-A095-F5AB14EE7B54}"
EndProject
Project("{8BC9CEB8-8B4A-11D0-8D11-00A0C91BC942}") = "015_KS_열과 행이 겹치지 않는 최대수", "015_KS_열과 행이 겹치지 않는 최대수\015_KS_열과 행이 겹치지 않는 최대수.vcxproj", "{139682F1-202F-4CDE-8C54-7D6F6A75884A}"
EndProject
Project("{8BC9CEB8-8B4A-11D0-8D11-00A0C91BC942}") = "016_BJ_Tournament", "016_BJ_Tournament\016_BJ_Tournament.vcxproj", "{F15CFADB-0F67-4ABE-825A-D4D885C0545C}"
EndProject
Project("{8BC9CEB8-8B4A-11D0-8D11-00A0C91BC942}") = "017_CF_A. Frog Jumping", "017_CF_A. Frog Jumping\017_CF_A. Frog Jumping.vcxproj", "{ACBBEC0F-479D-4A33-BA4E-B735DF9DF37B}"
EndProject
Project("{8BC9CEB8-8B4A-11D0-8D11-00A0C91BC942}") = "018_CF_Disturbed People", "018_CF_Disturbed People\018_CF_Disturbed People.vcxproj", "{C7D74544-AF11-4886-A241-277AF6833B2A}"
EndProject
Project("{8BC9CEB8-8B4A-11D0-8D11-00A0C91BC942}") = "019_SwD2_아름이의 돌던지기", "019_SwD2_아름이의 돌던지기\019_SwD2_아름이의 돌던지기.vcxproj", "{9D9596B4-784D-40B2-9BF6-933B0C9066C7}"
EndProject
Project("{8BC9CEB8-8B4A-11D0-8D11-00A0C91BC942}") = "020_SwD2_새로운 불면증 치료법", "020_SwD2_새로운 불면증 치료법\020_SwD2_새로운 불면증 치료법.vcxproj", "{5802AB1D-CCB9-490C-80D7-612839B43AAE}"
EndProject
Project("{8BC9CEB8-8B4A-11D0-8D11-00A0C91BC942}") = "021_SwD2_가랏! RC카!", "021_SwD2_가랏! RC카!\021_SwD2_가랏! RC카!.vcxproj", "{3155CA43-30F9-4005-92F5-F3D92329ACA1}"
EndProject
Project("{8BC9CEB8-8B4A-11D0-8D11-00A0C91BC942}") = "022_SwD2_간단한 압축문제", "022_SwD2_간단한 압축문제\022_SwD2_간단한 압축문제.vcxproj", "{5B405CE6-0C04-43C2-BBA1-5668E1757656}"
EndProject
Project("{8BC9CEB8-8B4A-11D0-8D11-00A0C91BC942}") = "023_CFA_ ss", "023_CFA_ ss\023_CFA_ ss.vcxproj", "{66458BD8-AEEB-4CEF-AAF8-B10032EEE90C}"
EndProject
Project("{8BC9CEB8-8B4A-11D0-8D11-00A0C91BC942}") = "024_KS_2차원 배열 연습하기", "024_KS_2차원 배열 연습하기\024_KS_2차원 배열 연습하기.vcxproj", "{5CB4B512-14D7-4CE9-AA18-C6941C3B069C}"
EndProject
Project("{8BC9CEB8-8B4A-11D0-8D11-00A0C91BC942}") = "025_SW_base64 decoder", "025_SW_base64 decoder\025_SW_base64 decoder.vcxproj", "{003E6F8F-1766-4328-9BAC-AFD8012A67EC}"
EndProject
Project("{8BC9CEB8-8B4A-11D0-8D11-00A0C91BC942}") = "026_Sw_간단한 379게임", "026_Sw_간단한 379게임\026_Sw_간단한 379게임.vcxproj", "{12FDC134-0C1A-4ECF-94FC-A421B17A9518}"
EndProject
Project("{8BC9CEB8-8B4A-11D0-8D11-00A0C91BC942}") = "027_Sw_백만장자 프로젝트", "027_Sw_백만장자 프로젝트\027_Sw_백만장자 프로젝트.vcxproj", "{6D36515C-F401-4B62-B0E6-50A0FA74B7FC}"
EndProject
Project("{8BC9CEB8-8B4A-11D0-8D11-00A0C91BC942}") = "027_2_Sw_백만장자 프로젝트", "027_2_Sw_백만장자 프로젝트\027_2_Sw_백만장자 프로젝트.vcxproj", "{A5CA4968-C356-4A3D-9C39-722A36E34665}"
EndProject
Project("{8BC9CEB8-8B4A-11D0-8D11-00A0C91BC942}") = "028_BJ_1로 만들기", "028_BJ_1로 만들기\028_BJ_1로 만들기.vcxproj", "{EBA8A89A-59E9-4926-9C50-08DA613DD4C0}"
EndProject
Project("{8BC9CEB8-8B4A-11D0-8D11-00A0C91BC942}") = "028_BJ_2n타일 채우기", "028_BJ_2n타일 채우기\028_BJ_2n타일 채우기.vcxproj", "{4D05D41C-EE12-4D9B-9FEE-8413C9F1F5B0}"
EndProject
Project("{8BC9CEB8-8B4A-11D0-8D11-00A0C91BC942}") = "029_BJ_RGB거리", "029_BJ_RGB거리\029_BJ_RGB거리.vcxproj", "{60513E6D-6C6E-4980-8273-C36EE99F68D7}"
EndProject
Project("{8BC9CEB8-8B4A-11D0-8D11-00A0C91BC942}") = "030_BJ_AB나누기", "030_BJ_AB나누기\030_BJ_AB나누기.vcxproj", "{5FE9F698-DEBA-4978-974F-203D4CD97FE7}"
EndProject
Project("{8BC9CEB8-8B4A-11D0-8D11-00A0C91BC942}") = "031_BJ_사칙연산", "031_BJ_사칙연산\031_BJ_사칙연산.vcxproj", "{1841C338-0C01-48F3-B2DB-A9B773C0B9D7}"
EndProject
Project("{8BC9CEB8-8B4A-11D0-8D11-00A0C91BC942}") = "032_BJ_나머지", "032_BJ_나머지\032_BJ_나머지.vcxproj", "{D9008C71-1E61-438E-B58A-BB9361C60814}"
EndProject
Project("{8BC9CEB8-8B4A-11D0-8D11-00A0C91BC942}") = "033_BJ_ A+B-2", "033_BJ_ A+B-2\033_BJ_ A+B-2.vcxproj", "{2BC695C6-E4B3-4DBA-A12B-4D0E7DB025DF}"
EndProject
Project("{8BC9CEB8-8B4A-11D0-8D11-00A0C91BC942}") = "034_BJ_설탕배달", "034_BJ_설탕배달\034_BJ_설탕배달.vcxproj", "{6C18DBA4-8978-441F-88EE-70B3C9EB9509}"
EndProject
Project("{8BC9CEB8-8B4A-11D0-8D11-00A0C91BC942}") = "035_BJ_구구단", "035_BJ_구구단\035_BJ_구구단.vcxproj", "{984BA9ED-BF04-4D8C-8B97-EF12E05A51CC}"
EndProject
Project("{8BC9CEB8-8B4A-11D0-8D11-00A0C91BC942}") = "036_BJ_별찍기1", "036_BJ_별찍기1\036_BJ_별찍기1.vcxproj", "{947DD50D-CAAF-434F-8ACB-AE1BECEFCE79}"
EndProject
Project("{8BC9CEB8-8B4A-11D0-8D11-00A0C91BC942}") = "037_BJ_별찍기2", "037_BJ_별찍기2\037_BJ_별찍기2.vcxproj", "{119342D0-B1A9-4B95-B0EB-984624E61028}"
EndProject
Project("{8BC9CEB8-8B4A-11D0-8D11-00A0C91BC942}") = "038_BJ_별찍기3", "038_BJ_별찍기3\038_BJ_별찍기3.vcxproj", "{6AED4F55-3D89-446E-82AA-30577DEBFC7F}"
EndProject
Project("{8BC9CEB8-8B4A-11D0-8D11-00A0C91BC942}") = "039_BJ_별찍기4", "039_BJ_별찍기4\039_BJ_별찍기4.vcxproj", "{C0C1006C-3BB8-4B8C-913C-FF5FE42F1202}"
EndProject
Project("{8BC9CEB8-8B4A-11D0-8D11-00A0C91BC942}") = "040_BJ_2007년", "040_BJ_2007년\040_BJ_2007년.vcxproj", "{CA5699C0-CEB6-4174-A255-A3E311F291F9}"
EndProject
Project("{8BC9CEB8-8B4A-11D0-8D11-00A0C91BC942}") = "041_BJ_핮", "041_BJ_핮\041_BJ_핮.vcxproj", "{63A2D0F2-6F68-41A0-84E5-0E771BD03A1D}"
EndProject
Project("{8BC9CEB8-8B4A-11D0-8D11-00A0C91BC942}") = "042_BJ_숫자합", "042_BJ_숫자합\042_BJ_숫자합.vcxproj", "{989BD1A7-E1D3-4EC1-9096-1FE4F83820FB}"
EndProject
Project("{8BC9CEB8-8B4A-11D0-8D11-00A0C91BC942}") = "043_BJ_10개씩 끊어 출력하기", "043_BJ_10개씩 끊어 출력하기\043_BJ_10개씩 끊어 출력하기.vcxproj", "{FC5B1341-C8BA-4F14-9EC2-D7A4B49A14DB}"
EndProject
Project("{8BC9CEB8-8B4A-11D0-8D11-00A0C91BC942}") = "044_BJ_빠른출력", "044_BJ_빠른출력\044_BJ_빠른출력.vcxproj", "{7C35C0A2-0AB4-4D48-9164-F7EF0B3016E3}"
EndProject
Project("{8BC9CEB8-8B4A-11D0-8D11-00A0C91BC942}") = "045_BJ_시험성적", "045_BJ_시험성적\045_BJ_시험성적.vcxproj", "{64DD6EAD-D9F8-4998-A0F5-5553F5AF7BA0}"
EndProject
Project("{2150E333-8FDC-42A3-9474-1A3956D46DE8}") = "Samsung", "Samsung", "{BBB710F9-7B5F-4793-9404-B0470C0CA29C}"
EndProject
Project("{2150E333-8FDC-42A3-9474-1A3956D46DE8}") = "Beakjoon", "Beakjoon", "{AD7F3C00-826E-49FB-AB1D-75E42EBE9068}"
EndProject
Project("{2150E333-8FDC-42A3-9474-1A3956D46DE8}") = "CodeForce", "CodeForce", "{498F3297-38A2-4381-BD46-55B10FB4965B}"
EndProject
Project("{2150E333-8FDC-42A3-9474-1A3956D46DE8}") = "kiseop", "kiseop", "{756C663B-F7B7-4CB1-904C-883EDE02DCAF}"
EndProject
Project("{8BC9CEB8-8B4A-11D0-8D11-00A0C91BC942}") = "046_BJ_세수", "046_BJ_세수\046_BJ_세수.vcxproj", "{DFFC5D8E-9CB5-4238-B800-CF455714A6E5}"
EndProject
Project("{8BC9CEB8-8B4A-11D0-8D11-00A0C91BC942}") = "047_BJ_X보다 작은수", "047_BJ_X보다 작은수\047_BJ_X보다 작은수.vcxproj", "{6139950A-C450-4F3F-ABB2-5B97A8AF7CC1}"
EndProject
Global
	GlobalSection(SolutionConfigurationPlatforms) = preSolution
		Debug|x64 = Debug|x64
		Debug|x86 = Debug|x86
		Release|x64 = Release|x64
		Release|x86 = Release|x86
	EndGlobalSection
	GlobalSection(ProjectConfigurationPlatforms) = postSolution
		{9041C05B-C0B5-41E4-ACE6-D469518B444B}.Debug|x64.ActiveCfg = Debug|x64
		{9041C05B-C0B5-41E4-ACE6-D469518B444B}.Debug|x64.Build.0 = Debug|x64
		{9041C05B-C0B5-41E4-ACE6-D469518B444B}.Debug|x86.ActiveCfg = Debug|Win32
		{9041C05B-C0B5-41E4-ACE6-D469518B444B}.Debug|x86.Build.0 = Debug|Win32
		{9041C05B-C0B5-41E4-ACE6-D469518B444B}.Release|x64.ActiveCfg = Release|x64
		{9041C05B-C0B5-41E4-ACE6-D469518B444B}.Release|x64.Build.0 = Release|x64
		{9041C05B-C0B5-41E4-ACE6-D469518B444B}.Release|x86.ActiveCfg = Release|Win32
		{9041C05B-C0B5-41E4-ACE6-D469518B444B}.Release|x86.Build.0 = Release|Win32
		{B4FEDAE5-F381-492C-B5C2-2427495F7CBC}.Debug|x64.ActiveCfg = Debug|x64
		{B4FEDAE5-F381-492C-B5C2-2427495F7CBC}.Debug|x64.Build.0 = Debug|x64
		{B4FEDAE5-F381-492C-B5C2-2427495F7CBC}.Debug|x86.ActiveCfg = Debug|Win32
		{B4FEDAE5-F381-492C-B5C2-2427495F7CBC}.Debug|x86.Build.0 = Debug|Win32
		{B4FEDAE5-F381-492C-B5C2-2427495F7CBC}.Release|x64.ActiveCfg = Release|x64
		{B4FEDAE5-F381-492C-B5C2-2427495F7CBC}.Release|x64.Build.0 = Release|x64
		{B4FEDAE5-F381-492C-B5C2-2427495F7CBC}.Release|x86.ActiveCfg = Release|Win32
		{B4FEDAE5-F381-492C-B5C2-2427495F7CBC}.Release|x86.Build.0 = Release|Win32
		{A8643DD1-B866-4869-9FF7-8766FBF1284C}.Debug|x64.ActiveCfg = Debug|x64
		{A8643DD1-B866-4869-9FF7-8766FBF1284C}.Debug|x64.Build.0 = Debug|x64
		{A8643DD1-B866-4869-9FF7-8766FBF1284C}.Debug|x86.ActiveCfg = Debug|Win32
		{A8643DD1-B866-4869-9FF7-8766FBF1284C}.Debug|x86.Build.0 = Debug|Win32
		{A8643DD1-B866-4869-9FF7-8766FBF1284C}.Release|x64.ActiveCfg = Release|x64
		{A8643DD1-B866-4869-9FF7-8766FBF1284C}.Release|x64.Build.0 = Release|x64
		{A8643DD1-B866-4869-9FF7-8766FBF1284C}.Release|x86.ActiveCfg = Release|Win32
		{A8643DD1-B866-4869-9FF7-8766FBF1284C}.Release|x86.Build.0 = Release|Win32
		{8008569F-A20C-45EC-9F05-17BF6DD3FF33}.Debug|x64.ActiveCfg = Debug|x64
		{8008569F-A20C-45EC-9F05-17BF6DD3FF33}.Debug|x64.Build.0 = Debug|x64
		{8008569F-A20C-45EC-9F05-17BF6DD3FF33}.Debug|x86.ActiveCfg = Debug|Win32
		{8008569F-A20C-45EC-9F05-17BF6DD3FF33}.Debug|x86.Build.0 = Debug|Win32
		{8008569F-A20C-45EC-9F05-17BF6DD3FF33}.Release|x64.ActiveCfg = Release|x64
		{8008569F-A20C-45EC-9F05-17BF6DD3FF33}.Release|x64.Build.0 = Release|x64
		{8008569F-A20C-45EC-9F05-17BF6DD3FF33}.Release|x86.ActiveCfg = Release|Win32
		{8008569F-A20C-45EC-9F05-17BF6DD3FF33}.Release|x86.Build.0 = Release|Win32
		{831D6B60-3E7F-475C-BBF7-2E860EE0ECCA}.Debug|x64.ActiveCfg = Debug|x64
		{831D6B60-3E7F-475C-BBF7-2E860EE0ECCA}.Debug|x64.Build.0 = Debug|x64
		{831D6B60-3E7F-475C-BBF7-2E860EE0ECCA}.Debug|x86.ActiveCfg = Debug|Win32
		{831D6B60-3E7F-475C-BBF7-2E860EE0ECCA}.Debug|x86.Build.0 = Debug|Win32
		{831D6B60-3E7F-475C-BBF7-2E860EE0ECCA}.Release|x64.ActiveCfg = Release|x64
		{831D6B60-3E7F-475C-BBF7-2E860EE0ECCA}.Release|x64.Build.0 = Release|x64
		{831D6B60-3E7F-475C-BBF7-2E860EE0ECCA}.Release|x86.ActiveCfg = Release|Win32
		{831D6B60-3E7F-475C-BBF7-2E860EE0ECCA}.Release|x86.Build.0 = Release|Win32
		{0368A07F-0DF9-47EF-AF92-9876D82C92D7}.Debug|x64.ActiveCfg = Debug|x64
		{0368A07F-0DF9-47EF-AF92-9876D82C92D7}.Debug|x64.Build.0 = Debug|x64
		{0368A07F-0DF9-47EF-AF92-9876D82C92D7}.Debug|x86.ActiveCfg = Debug|Win32
		{0368A07F-0DF9-47EF-AF92-9876D82C92D7}.Debug|x86.Build.0 = Debug|Win32
		{0368A07F-0DF9-47EF-AF92-9876D82C92D7}.Release|x64.ActiveCfg = Release|x64
		{0368A07F-0DF9-47EF-AF92-9876D82C92D7}.Release|x64.Build.0 = Release|x64
		{0368A07F-0DF9-47EF-AF92-9876D82C92D7}.Release|x86.ActiveCfg = Release|Win32
		{0368A07F-0DF9-47EF-AF92-9876D82C92D7}.Release|x86.Build.0 = Release|Win32
		{56B89C31-8F3E-459E-8BCB-B36CD3929C33}.Debug|x64.ActiveCfg = Debug|x64
		{56B89C31-8F3E-459E-8BCB-B36CD3929C33}.Debug|x64.Build.0 = Debug|x64
		{56B89C31-8F3E-459E-8BCB-B36CD3929C33}.Debug|x86.ActiveCfg = Debug|Win32
		{56B89C31-8F3E-459E-8BCB-B36CD3929C33}.Debug|x86.Build.0 = Debug|Win32
		{56B89C31-8F3E-459E-8BCB-B36CD3929C33}.Release|x64.ActiveCfg = Release|x64
		{56B89C31-8F3E-459E-8BCB-B36CD3929C33}.Release|x64.Build.0 = Release|x64
		{56B89C31-8F3E-459E-8BCB-B36CD3929C33}.Release|x86.ActiveCfg = Release|Win32
		{56B89C31-8F3E-459E-8BCB-B36CD3929C33}.Release|x86.Build.0 = Release|Win32
		{9EE4E2BC-C5C7-4126-B4ED-90285AC58989}.Debug|x64.ActiveCfg = Debug|x64
		{9EE4E2BC-C5C7-4126-B4ED-90285AC58989}.Debug|x64.Build.0 = Debug|x64
		{9EE4E2BC-C5C7-4126-B4ED-90285AC58989}.Debug|x86.ActiveCfg = Debug|Win32
		{9EE4E2BC-C5C7-4126-B4ED-90285AC58989}.Debug|x86.Build.0 = Debug|Win32
		{9EE4E2BC-C5C7-4126-B4ED-90285AC58989}.Release|x64.ActiveCfg = Release|x64
		{9EE4E2BC-C5C7-4126-B4ED-90285AC58989}.Release|x64.Build.0 = Release|x64
		{9EE4E2BC-C5C7-4126-B4ED-90285AC58989}.Release|x86.ActiveCfg = Release|Win32
		{9EE4E2BC-C5C7-4126-B4ED-90285AC58989}.Release|x86.Build.0 = Release|Win32
		{05D6C895-2822-4D69-8E4B-1E2325B3AA34}.Debug|x64.ActiveCfg = Debug|x64
		{05D6C895-2822-4D69-8E4B-1E2325B3AA34}.Debug|x64.Build.0 = Debug|x64
		{05D6C895-2822-4D69-8E4B-1E2325B3AA34}.Debug|x86.ActiveCfg = Debug|Win32
		{05D6C895-2822-4D69-8E4B-1E2325B3AA34}.Debug|x86.Build.0 = Debug|Win32
		{05D6C895-2822-4D69-8E4B-1E2325B3AA34}.Release|x64.ActiveCfg = Release|x64
		{05D6C895-2822-4D69-8E4B-1E2325B3AA34}.Release|x64.Build.0 = Release|x64
		{05D6C895-2822-4D69-8E4B-1E2325B3AA34}.Release|x86.ActiveCfg = Release|Win32
		{05D6C895-2822-4D69-8E4B-1E2325B3AA34}.Release|x86.Build.0 = Release|Win32
		{6C4944EA-5263-4714-98DA-F613ECF09B5A}.Debug|x64.ActiveCfg = Debug|x64
		{6C4944EA-5263-4714-98DA-F613ECF09B5A}.Debug|x64.Build.0 = Debug|x64
		{6C4944EA-5263-4714-98DA-F613ECF09B5A}.Debug|x86.ActiveCfg = Debug|Win32
		{6C4944EA-5263-4714-98DA-F613ECF09B5A}.Debug|x86.Build.0 = Debug|Win32
		{6C4944EA-5263-4714-98DA-F613ECF09B5A}.Release|x64.ActiveCfg = Release|x64
		{6C4944EA-5263-4714-98DA-F613ECF09B5A}.Release|x64.Build.0 = Release|x64
		{6C4944EA-5263-4714-98DA-F613ECF09B5A}.Release|x86.ActiveCfg = Release|Win32
		{6C4944EA-5263-4714-98DA-F613ECF09B5A}.Release|x86.Build.0 = Release|Win32
		{395BD4B4-E052-42BC-81B7-FB3072A61ADA}.Debug|x64.ActiveCfg = Debug|x64
		{395BD4B4-E052-42BC-81B7-FB3072A61ADA}.Debug|x64.Build.0 = Debug|x64
		{395BD4B4-E052-42BC-81B7-FB3072A61ADA}.Debug|x86.ActiveCfg = Debug|Win32
		{395BD4B4-E052-42BC-81B7-FB3072A61ADA}.Debug|x86.Build.0 = Debug|Win32
		{395BD4B4-E052-42BC-81B7-FB3072A61ADA}.Release|x64.ActiveCfg = Release|x64
		{395BD4B4-E052-42BC-81B7-FB3072A61ADA}.Release|x64.Build.0 = Release|x64
		{395BD4B4-E052-42BC-81B7-FB3072A61ADA}.Release|x86.ActiveCfg = Release|Win32
		{395BD4B4-E052-42BC-81B7-FB3072A61ADA}.Release|x86.Build.0 = Release|Win32
		{04B229B0-86F5-4BC1-8E81-18B12A369821}.Debug|x64.ActiveCfg = Debug|x64
		{04B229B0-86F5-4BC1-8E81-18B12A369821}.Debug|x64.Build.0 = Debug|x64
		{04B229B0-86F5-4BC1-8E81-18B12A369821}.Debug|x86.ActiveCfg = Debug|Win32
		{04B229B0-86F5-4BC1-8E81-18B12A369821}.Debug|x86.Build.0 = Debug|Win32
		{04B229B0-86F5-4BC1-8E81-18B12A369821}.Release|x64.ActiveCfg = Release|x64
		{04B229B0-86F5-4BC1-8E81-18B12A369821}.Release|x64.Build.0 = Release|x64
		{04B229B0-86F5-4BC1-8E81-18B12A369821}.Release|x86.ActiveCfg = Release|Win32
		{04B229B0-86F5-4BC1-8E81-18B12A369821}.Release|x86.Build.0 = Release|Win32
		{782B32E4-B837-4963-A8B4-81141383845F}.Debug|x64.ActiveCfg = Debug|x64
		{782B32E4-B837-4963-A8B4-81141383845F}.Debug|x64.Build.0 = Debug|x64
		{782B32E4-B837-4963-A8B4-81141383845F}.Debug|x86.ActiveCfg = Debug|Win32
		{782B32E4-B837-4963-A8B4-81141383845F}.Debug|x86.Build.0 = Debug|Win32
		{782B32E4-B837-4963-A8B4-81141383845F}.Release|x64.ActiveCfg = Release|x64
		{782B32E4-B837-4963-A8B4-81141383845F}.Release|x64.Build.0 = Release|x64
		{782B32E4-B837-4963-A8B4-81141383845F}.Release|x86.ActiveCfg = Release|Win32
		{782B32E4-B837-4963-A8B4-81141383845F}.Release|x86.Build.0 = Release|Win32
		{BF566BD5-8D88-4443-B195-340D95B2B4CF}.Debug|x64.ActiveCfg = Debug|x64
		{BF566BD5-8D88-4443-B195-340D95B2B4CF}.Debug|x64.Build.0 = Debug|x64
		{BF566BD5-8D88-4443-B195-340D95B2B4CF}.Debug|x86.ActiveCfg = Debug|Win32
		{BF566BD5-8D88-4443-B195-340D95B2B4CF}.Debug|x86.Build.0 = Debug|Win32
		{BF566BD5-8D88-4443-B195-340D95B2B4CF}.Release|x64.ActiveCfg = Release|x64
		{BF566BD5-8D88-4443-B195-340D95B2B4CF}.Release|x64.Build.0 = Release|x64
		{BF566BD5-8D88-4443-B195-340D95B2B4CF}.Release|x86.ActiveCfg = Release|Win32
		{BF566BD5-8D88-4443-B195-340D95B2B4CF}.Release|x86.Build.0 = Release|Win32
		{53D76B91-AC85-486C-95B3-8A014164D636}.Debug|x64.ActiveCfg = Debug|x64
		{53D76B91-AC85-486C-95B3-8A014164D636}.Debug|x64.Build.0 = Debug|x64
		{53D76B91-AC85-486C-95B3-8A014164D636}.Debug|x86.ActiveCfg = Debug|Win32
		{53D76B91-AC85-486C-95B3-8A014164D636}.Debug|x86.Build.0 = Debug|Win32
		{53D76B91-AC85-486C-95B3-8A014164D636}.Release|x64.ActiveCfg = Release|x64
		{53D76B91-AC85-486C-95B3-8A014164D636}.Release|x64.Build.0 = Release|x64
		{53D76B91-AC85-486C-95B3-8A014164D636}.Release|x86.ActiveCfg = Release|Win32
		{53D76B91-AC85-486C-95B3-8A014164D636}.Release|x86.Build.0 = Release|Win32
		{E0062B75-158C-4B0D-B3D3-EFD0825352BD}.Debug|x64.ActiveCfg = Debug|x64
		{E0062B75-158C-4B0D-B3D3-EFD0825352BD}.Debug|x64.Build.0 = Debug|x64
		{E0062B75-158C-4B0D-B3D3-EFD0825352BD}.Debug|x86.ActiveCfg = Debug|Win32
		{E0062B75-158C-4B0D-B3D3-EFD0825352BD}.Debug|x86.Build.0 = Debug|Win32
		{E0062B75-158C-4B0D-B3D3-EFD0825352BD}.Release|x64.ActiveCfg = Release|x64
		{E0062B75-158C-4B0D-B3D3-EFD0825352BD}.Release|x64.Build.0 = Release|x64
		{E0062B75-158C-4B0D-B3D3-EFD0825352BD}.Release|x86.ActiveCfg = Release|Win32
		{E0062B75-158C-4B0D-B3D3-EFD0825352BD}.Release|x86.Build.0 = Release|Win32
		{F7550663-43AB-497A-800D-F57F86E061E2}.Debug|x64.ActiveCfg = Debug|x64
		{F7550663-43AB-497A-800D-F57F86E061E2}.Debug|x64.Build.0 = Debug|x64
		{F7550663-43AB-497A-800D-F57F86E061E2}.Debug|x86.ActiveCfg = Debug|Win32
		{F7550663-43AB-497A-800D-F57F86E061E2}.Debug|x86.Build.0 = Debug|Win32
		{F7550663-43AB-497A-800D-F57F86E061E2}.Release|x64.ActiveCfg = Release|x64
		{F7550663-43AB-497A-800D-F57F86E061E2}.Release|x64.Build.0 = Release|x64
		{F7550663-43AB-497A-800D-F57F86E061E2}.Release|x86.ActiveCfg = Release|Win32
		{F7550663-43AB-497A-800D-F57F86E061E2}.Release|x86.Build.0 = Release|Win32
		{87058F11-CA50-426B-A095-F5AB14EE7B54}.Debug|x64.ActiveCfg = Debug|x64
		{87058F11-CA50-426B-A095-F5AB14EE7B54}.Debug|x64.Build.0 = Debug|x64
		{87058F11-CA50-426B-A095-F5AB14EE7B54}.Debug|x86.ActiveCfg = Debug|Win32
		{87058F11-CA50-426B-A095-F5AB14EE7B54}.Debug|x86.Build.0 = Debug|Win32
		{87058F11-CA50-426B-A095-F5AB14EE7B54}.Release|x64.ActiveCfg = Release|x64
		{87058F11-CA50-426B-A095-F5AB14EE7B54}.Release|x64.Build.0 = Release|x64
		{87058F11-CA50-426B-A095-F5AB14EE7B54}.Release|x86.ActiveCfg = Release|Win32
		{87058F11-CA50-426B-A095-F5AB14EE7B54}.Release|x86.Build.0 = Release|Win32
		{139682F1-202F-4CDE-8C54-7D6F6A75884A}.Debug|x64.ActiveCfg = Debug|x64
		{139682F1-202F-4CDE-8C54-7D6F6A75884A}.Debug|x64.Build.0 = Debug|x64
		{139682F1-202F-4CDE-8C54-7D6F6A75884A}.Debug|x86.ActiveCfg = Debug|Win32
		{139682F1-202F-4CDE-8C54-7D6F6A75884A}.Debug|x86.Build.0 = Debug|Win32
		{139682F1-202F-4CDE-8C54-7D6F6A75884A}.Release|x64.ActiveCfg = Release|x64
		{139682F1-202F-4CDE-8C54-7D6F6A75884A}.Release|x64.Build.0 = Release|x64
		{139682F1-202F-4CDE-8C54-7D6F6A75884A}.Release|x86.ActiveCfg = Release|Win32
		{139682F1-202F-4CDE-8C54-7D6F6A75884A}.Release|x86.Build.0 = Release|Win32
		{F15CFADB-0F67-4ABE-825A-D4D885C0545C}.Debug|x64.ActiveCfg = Debug|x64
		{F15CFADB-0F67-4ABE-825A-D4D885C0545C}.Debug|x64.Build.0 = Debug|x64
		{F15CFADB-0F67-4ABE-825A-D4D885C0545C}.Debug|x86.ActiveCfg = Debug|Win32
		{F15CFADB-0F67-4ABE-825A-D4D885C0545C}.Debug|x86.Build.0 = Debug|Win32
		{F15CFADB-0F67-4ABE-825A-D4D885C0545C}.Release|x64.ActiveCfg = Release|x64
		{F15CFADB-0F67-4ABE-825A-D4D885C0545C}.Release|x64.Build.0 = Release|x64
		{F15CFADB-0F67-4ABE-825A-D4D885C0545C}.Release|x86.ActiveCfg = Release|Win32
		{F15CFADB-0F67-4ABE-825A-D4D885C0545C}.Release|x86.Build.0 = Release|Win32
		{ACBBEC0F-479D-4A33-BA4E-B735DF9DF37B}.Debug|x64.ActiveCfg = Debug|x64
		{ACBBEC0F-479D-4A33-BA4E-B735DF9DF37B}.Debug|x64.Build.0 = Debug|x64
		{ACBBEC0F-479D-4A33-BA4E-B735DF9DF37B}.Debug|x86.ActiveCfg = Debug|Win32
		{ACBBEC0F-479D-4A33-BA4E-B735DF9DF37B}.Debug|x86.Build.0 = Debug|Win32
		{ACBBEC0F-479D-4A33-BA4E-B735DF9DF37B}.Release|x64.ActiveCfg = Release|x64
		{ACBBEC0F-479D-4A33-BA4E-B735DF9DF37B}.Release|x64.Build.0 = Release|x64
		{ACBBEC0F-479D-4A33-BA4E-B735DF9DF37B}.Release|x86.ActiveCfg = Release|Win32
		{ACBBEC0F-479D-4A33-BA4E-B735DF9DF37B}.Release|x86.Build.0 = Release|Win32
		{C7D74544-AF11-4886-A241-277AF6833B2A}.Debug|x64.ActiveCfg = Debug|x64
		{C7D74544-AF11-4886-A241-277AF6833B2A}.Debug|x64.Build.0 = Debug|x64
		{C7D74544-AF11-4886-A241-277AF6833B2A}.Debug|x86.ActiveCfg = Debug|Win32
		{C7D74544-AF11-4886-A241-277AF6833B2A}.Debug|x86.Build.0 = Debug|Win32
		{C7D74544-AF11-4886-A241-277AF6833B2A}.Release|x64.ActiveCfg = Release|x64
		{C7D74544-AF11-4886-A241-277AF6833B2A}.Release|x64.Build.0 = Release|x64
		{C7D74544-AF11-4886-A241-277AF6833B2A}.Release|x86.ActiveCfg = Release|Win32
		{C7D74544-AF11-4886-A241-277AF6833B2A}.Release|x86.Build.0 = Release|Win32
		{9D9596B4-784D-40B2-9BF6-933B0C9066C7}.Debug|x64.ActiveCfg = Debug|x64
		{9D9596B4-784D-40B2-9BF6-933B0C9066C7}.Debug|x64.Build.0 = Debug|x64
		{9D9596B4-784D-40B2-9BF6-933B0C9066C7}.Debug|x86.ActiveCfg = Debug|Win32
		{9D9596B4-784D-40B2-9BF6-933B0C9066C7}.Debug|x86.Build.0 = Debug|Win32
		{9D9596B4-784D-40B2-9BF6-933B0C9066C7}.Release|x64.ActiveCfg = Release|x64
		{9D9596B4-784D-40B2-9BF6-933B0C9066C7}.Release|x64.Build.0 = Release|x64
		{9D9596B4-784D-40B2-9BF6-933B0C9066C7}.Release|x86.ActiveCfg = Release|Win32
		{9D9596B4-784D-40B2-9BF6-933B0C9066C7}.Release|x86.Build.0 = Release|Win32
		{5802AB1D-CCB9-490C-80D7-612839B43AAE}.Debug|x64.ActiveCfg = Debug|x64
		{5802AB1D-CCB9-490C-80D7-612839B43AAE}.Debug|x64.Build.0 = Debug|x64
		{5802AB1D-CCB9-490C-80D7-612839B43AAE}.Debug|x86.ActiveCfg = Debug|Win32
		{5802AB1D-CCB9-490C-80D7-612839B43AAE}.Debug|x86.Build.0 = Debug|Win32
		{5802AB1D-CCB9-490C-80D7-612839B43AAE}.Release|x64.ActiveCfg = Release|x64
		{5802AB1D-CCB9-490C-80D7-612839B43AAE}.Release|x64.Build.0 = Release|x64
		{5802AB1D-CCB9-490C-80D7-612839B43AAE}.Release|x86.ActiveCfg = Release|Win32
		{5802AB1D-CCB9-490C-80D7-612839B43AAE}.Release|x86.Build.0 = Release|Win32
		{3155CA43-30F9-4005-92F5-F3D92329ACA1}.Debug|x64.ActiveCfg = Debug|x64
		{3155CA43-30F9-4005-92F5-F3D92329ACA1}.Debug|x64.Build.0 = Debug|x64
		{3155CA43-30F9-4005-92F5-F3D92329ACA1}.Debug|x86.ActiveCfg = Debug|Win32
		{3155CA43-30F9-4005-92F5-F3D92329ACA1}.Debug|x86.Build.0 = Debug|Win32
		{3155CA43-30F9-4005-92F5-F3D92329ACA1}.Release|x64.ActiveCfg = Release|x64
		{3155CA43-30F9-4005-92F5-F3D92329ACA1}.Release|x64.Build.0 = Release|x64
		{3155CA43-30F9-4005-92F5-F3D92329ACA1}.Release|x86.ActiveCfg = Release|Win32
		{3155CA43-30F9-4005-92F5-F3D92329ACA1}.Release|x86.Build.0 = Release|Win32
		{5B405CE6-0C04-43C2-BBA1-5668E1757656}.Debug|x64.ActiveCfg = Debug|x64
		{5B405CE6-0C04-43C2-BBA1-5668E1757656}.Debug|x64.Build.0 = Debug|x64
		{5B405CE6-0C04-43C2-BBA1-5668E1757656}.Debug|x86.ActiveCfg = Debug|Win32
		{5B405CE6-0C04-43C2-BBA1-5668E1757656}.Debug|x86.Build.0 = Debug|Win32
		{5B405CE6-0C04-43C2-BBA1-5668E1757656}.Release|x64.ActiveCfg = Release|x64
		{5B405CE6-0C04-43C2-BBA1-5668E1757656}.Release|x64.Build.0 = Release|x64
		{5B405CE6-0C04-43C2-BBA1-5668E1757656}.Release|x86.ActiveCfg = Release|Win32
		{5B405CE6-0C04-43C2-BBA1-5668E1757656}.Release|x86.Build.0 = Release|Win32
		{66458BD8-AEEB-4CEF-AAF8-B10032EEE90C}.Debug|x64.ActiveCfg = Debug|x64
		{66458BD8-AEEB-4CEF-AAF8-B10032EEE90C}.Debug|x64.Build.0 = Debug|x64
		{66458BD8-AEEB-4CEF-AAF8-B10032EEE90C}.Debug|x86.ActiveCfg = Debug|Win32
		{66458BD8-AEEB-4CEF-AAF8-B10032EEE90C}.Debug|x86.Build.0 = Debug|Win32
		{66458BD8-AEEB-4CEF-AAF8-B10032EEE90C}.Release|x64.ActiveCfg = Release|x64
		{66458BD8-AEEB-4CEF-AAF8-B10032EEE90C}.Release|x64.Build.0 = Release|x64
		{66458BD8-AEEB-4CEF-AAF8-B10032EEE90C}.Release|x86.ActiveCfg = Release|Win32
		{66458BD8-AEEB-4CEF-AAF8-B10032EEE90C}.Release|x86.Build.0 = Release|Win32
		{5CB4B512-14D7-4CE9-AA18-C6941C3B069C}.Debug|x64.ActiveCfg = Debug|x64
		{5CB4B512-14D7-4CE9-AA18-C6941C3B069C}.Debug|x64.Build.0 = Debug|x64
		{5CB4B512-14D7-4CE9-AA18-C6941C3B069C}.Debug|x86.ActiveCfg = Debug|Win32
		{5CB4B512-14D7-4CE9-AA18-C6941C3B069C}.Debug|x86.Build.0 = Debug|Win32
		{5CB4B512-14D7-4CE9-AA18-C6941C3B069C}.Release|x64.ActiveCfg = Release|x64
		{5CB4B512-14D7-4CE9-AA18-C6941C3B069C}.Release|x64.Build.0 = Release|x64
		{5CB4B512-14D7-4CE9-AA18-C6941C3B069C}.Release|x86.ActiveCfg = Release|Win32
		{5CB4B512-14D7-4CE9-AA18-C6941C3B069C}.Release|x86.Build.0 = Release|Win32
		{003E6F8F-1766-4328-9BAC-AFD8012A67EC}.Debug|x64.ActiveCfg = Debug|x64
		{003E6F8F-1766-4328-9BAC-AFD8012A67EC}.Debug|x64.Build.0 = Debug|x64
		{003E6F8F-1766-4328-9BAC-AFD8012A67EC}.Debug|x86.ActiveCfg = Debug|Win32
		{003E6F8F-1766-4328-9BAC-AFD8012A67EC}.Debug|x86.Build.0 = Debug|Win32
		{003E6F8F-1766-4328-9BAC-AFD8012A67EC}.Release|x64.ActiveCfg = Release|x64
		{003E6F8F-1766-4328-9BAC-AFD8012A67EC}.Release|x64.Build.0 = Release|x64
		{003E6F8F-1766-4328-9BAC-AFD8012A67EC}.Release|x86.ActiveCfg = Release|Win32
		{003E6F8F-1766-4328-9BAC-AFD8012A67EC}.Release|x86.Build.0 = Release|Win32
		{12FDC134-0C1A-4ECF-94FC-A421B17A9518}.Debug|x64.ActiveCfg = Debug|x64
		{12FDC134-0C1A-4ECF-94FC-A421B17A9518}.Debug|x64.Build.0 = Debug|x64
		{12FDC134-0C1A-4ECF-94FC-A421B17A9518}.Debug|x86.ActiveCfg = Debug|Win32
		{12FDC134-0C1A-4ECF-94FC-A421B17A9518}.Debug|x86.Build.0 = Debug|Win32
		{12FDC134-0C1A-4ECF-94FC-A421B17A9518}.Release|x64.ActiveCfg = Release|x64
		{12FDC134-0C1A-4ECF-94FC-A421B17A9518}.Release|x64.Build.0 = Release|x64
		{12FDC134-0C1A-4ECF-94FC-A421B17A9518}.Release|x86.ActiveCfg = Release|Win32
		{12FDC134-0C1A-4ECF-94FC-A421B17A9518}.Release|x86.Build.0 = Release|Win32
		{6D36515C-F401-4B62-B0E6-50A0FA74B7FC}.Debug|x64.ActiveCfg = Debug|x64
		{6D36515C-F401-4B62-B0E6-50A0FA74B7FC}.Debug|x64.Build.0 = Debug|x64
		{6D36515C-F401-4B62-B0E6-50A0FA74B7FC}.Debug|x86.ActiveCfg = Debug|Win32
		{6D36515C-F401-4B62-B0E6-50A0FA74B7FC}.Debug|x86.Build.0 = Debug|Win32
		{6D36515C-F401-4B62-B0E6-50A0FA74B7FC}.Release|x64.ActiveCfg = Release|x64
		{6D36515C-F401-4B62-B0E6-50A0FA74B7FC}.Release|x64.Build.0 = Release|x64
		{6D36515C-F401-4B62-B0E6-50A0FA74B7FC}.Release|x86.ActiveCfg = Release|Win32
		{6D36515C-F401-4B62-B0E6-50A0FA74B7FC}.Release|x86.Build.0 = Release|Win32
		{A5CA4968-C356-4A3D-9C39-722A36E34665}.Debug|x64.ActiveCfg = Debug|x64
		{A5CA4968-C356-4A3D-9C39-722A36E34665}.Debug|x64.Build.0 = Debug|x64
		{A5CA4968-C356-4A3D-9C39-722A36E34665}.Debug|x86.ActiveCfg = Debug|Win32
		{A5CA4968-C356-4A3D-9C39-722A36E34665}.Debug|x86.Build.0 = Debug|Win32
		{A5CA4968-C356-4A3D-9C39-722A36E34665}.Release|x64.ActiveCfg = Release|x64
		{A5CA4968-C356-4A3D-9C39-722A36E34665}.Release|x64.Build.0 = Release|x64
		{A5CA4968-C356-4A3D-9C39-722A36E34665}.Release|x86.ActiveCfg = Release|Win32
		{A5CA4968-C356-4A3D-9C39-722A36E34665}.Release|x86.Build.0 = Release|Win32
		{EBA8A89A-59E9-4926-9C50-08DA613DD4C0}.Debug|x64.ActiveCfg = Debug|x64
		{EBA8A89A-59E9-4926-9C50-08DA613DD4C0}.Debug|x64.Build.0 = Debug|x64
		{EBA8A89A-59E9-4926-9C50-08DA613DD4C0}.Debug|x86.ActiveCfg = Debug|Win32
		{EBA8A89A-59E9-4926-9C50-08DA613DD4C0}.Debug|x86.Build.0 = Debug|Win32
		{EBA8A89A-59E9-4926-9C50-08DA613DD4C0}.Release|x64.ActiveCfg = Release|x64
		{EBA8A89A-59E9-4926-9C50-08DA613DD4C0}.Release|x64.Build.0 = Release|x64
		{EBA8A89A-59E9-4926-9C50-08DA613DD4C0}.Release|x86.ActiveCfg = Release|Win32
		{EBA8A89A-59E9-4926-9C50-08DA613DD4C0}.Release|x86.Build.0 = Release|Win32
		{4D05D41C-EE12-4D9B-9FEE-8413C9F1F5B0}.Debug|x64.ActiveCfg = Debug|x64
		{4D05D41C-EE12-4D9B-9FEE-8413C9F1F5B0}.Debug|x64.Build.0 = Debug|x64
		{4D05D41C-EE12-4D9B-9FEE-8413C9F1F5B0}.Debug|x86.ActiveCfg = Debug|Win32
		{4D05D41C-EE12-4D9B-9FEE-8413C9F1F5B0}.Debug|x86.Build.0 = Debug|Win32
		{4D05D41C-EE12-4D9B-9FEE-8413C9F1F5B0}.Release|x64.ActiveCfg = Release|x64
		{4D05D41C-EE12-4D9B-9FEE-8413C9F1F5B0}.Release|x64.Build.0 = Release|x64
		{4D05D41C-EE12-4D9B-9FEE-8413C9F1F5B0}.Release|x86.ActiveCfg = Release|Win32
		{4D05D41C-EE12-4D9B-9FEE-8413C9F1F5B0}.Release|x86.Build.0 = Release|Win32
		{60513E6D-6C6E-4980-8273-C36EE99F68D7}.Debug|x64.ActiveCfg = Debug|x64
		{60513E6D-6C6E-4980-8273-C36EE99F68D7}.Debug|x64.Build.0 = Debug|x64
		{60513E6D-6C6E-4980-8273-C36EE99F68D7}.Debug|x86.ActiveCfg = Debug|Win32
		{60513E6D-6C6E-4980-8273-C36EE99F68D7}.Debug|x86.Build.0 = Debug|Win32
		{60513E6D-6C6E-4980-8273-C36EE99F68D7}.Release|x64.ActiveCfg = Release|x64
		{60513E6D-6C6E-4980-8273-C36EE99F68D7}.Release|x64.Build.0 = Release|x64
		{60513E6D-6C6E-4980-8273-C36EE99F68D7}.Release|x86.ActiveCfg = Release|Win32
		{60513E6D-6C6E-4980-8273-C36EE99F68D7}.Release|x86.Build.0 = Release|Win32
		{5FE9F698-DEBA-4978-974F-203D4CD97FE7}.Debug|x64.ActiveCfg = Debug|x64
		{5FE9F698-DEBA-4978-974F-203D4CD97FE7}.Debug|x64.Build.0 = Debug|x64
		{5FE9F698-DEBA-4978-974F-203D4CD97FE7}.Debug|x86.ActiveCfg = Debug|Win32
		{5FE9F698-DEBA-4978-974F-203D4CD97FE7}.Debug|x86.Build.0 = Debug|Win32
		{5FE9F698-DEBA-4978-974F-203D4CD97FE7}.Release|x64.ActiveCfg = Release|x64
		{5FE9F698-DEBA-4978-974F-203D4CD97FE7}.Release|x64.Build.0 = Release|x64
		{5FE9F698-DEBA-4978-974F-203D4CD97FE7}.Release|x86.ActiveCfg = Release|Win32
		{5FE9F698-DEBA-4978-974F-203D4CD97FE7}.Release|x86.Build.0 = Release|Win32
		{1841C338-0C01-48F3-B2DB-A9B773C0B9D7}.Debug|x64.ActiveCfg = Debug|x64
		{1841C338-0C01-48F3-B2DB-A9B773C0B9D7}.Debug|x64.Build.0 = Debug|x64
		{1841C338-0C01-48F3-B2DB-A9B773C0B9D7}.Debug|x86.ActiveCfg = Debug|Win32
		{1841C338-0C01-48F3-B2DB-A9B773C0B9D7}.Debug|x86.Build.0 = Debug|Win32
		{1841C338-0C01-48F3-B2DB-A9B773C0B9D7}.Release|x64.ActiveCfg = Release|x64
		{1841C338-0C01-48F3-B2DB-A9B773C0B9D7}.Release|x64.Build.0 = Release|x64
		{1841C338-0C01-48F3-B2DB-A9B773C0B9D7}.Release|x86.ActiveCfg = Release|Win32
		{1841C338-0C01-48F3-B2DB-A9B773C0B9D7}.Release|x86.Build.0 = Release|Win32
		{D9008C71-1E61-438E-B58A-BB9361C60814}.Debug|x64.ActiveCfg = Debug|x64
		{D9008C71-1E61-438E-B58A-BB9361C60814}.Debug|x64.Build.0 = Debug|x64
		{D9008C71-1E61-438E-B58A-BB9361C60814}.Debug|x86.ActiveCfg = Debug|Win32
		{D9008C71-1E61-438E-B58A-BB9361C60814}.Debug|x86.Build.0 = Debug|Win32
		{D9008C71-1E61-438E-B58A-BB9361C60814}.Release|x64.ActiveCfg = Release|x64
		{D9008C71-1E61-438E-B58A-BB9361C60814}.Release|x64.Build.0 = Release|x64
		{D9008C71-1E61-438E-B58A-BB9361C60814}.Release|x86.ActiveCfg = Release|Win32
		{D9008C71-1E61-438E-B58A-BB9361C60814}.Release|x86.Build.0 = Release|Win32
		{2BC695C6-E4B3-4DBA-A12B-4D0E7DB025DF}.Debug|x64.ActiveCfg = Debug|x64
		{2BC695C6-E4B3-4DBA-A12B-4D0E7DB025DF}.Debug|x64.Build.0 = Debug|x64
		{2BC695C6-E4B3-4DBA-A12B-4D0E7DB025DF}.Debug|x86.ActiveCfg = Debug|Win32
		{2BC695C6-E4B3-4DBA-A12B-4D0E7DB025DF}.Debug|x86.Build.0 = Debug|Win32
		{2BC695C6-E4B3-4DBA-A12B-4D0E7DB025DF}.Release|x64.ActiveCfg = Release|x64
		{2BC695C6-E4B3-4DBA-A12B-4D0E7DB025DF}.Release|x64.Build.0 = Release|x64
		{2BC695C6-E4B3-4DBA-A12B-4D0E7DB025DF}.Release|x86.ActiveCfg = Release|Win32
		{2BC695C6-E4B3-4DBA-A12B-4D0E7DB025DF}.Release|x86.Build.0 = Release|Win32
		{6C18DBA4-8978-441F-88EE-70B3C9EB9509}.Debug|x64.ActiveCfg = Debug|x64
		{6C18DBA4-8978-441F-88EE-70B3C9EB9509}.Debug|x64.Build.0 = Debug|x64
		{6C18DBA4-8978-441F-88EE-70B3C9EB9509}.Debug|x86.ActiveCfg = Debug|Win32
		{6C18DBA4-8978-441F-88EE-70B3C9EB9509}.Debug|x86.Build.0 = Debug|Win32
		{6C18DBA4-8978-441F-88EE-70B3C9EB9509}.Release|x64.ActiveCfg = Release|x64
		{6C18DBA4-8978-441F-88EE-70B3C9EB9509}.Release|x64.Build.0 = Release|x64
		{6C18DBA4-8978-441F-88EE-70B3C9EB9509}.Release|x86.ActiveCfg = Release|Win32
		{6C18DBA4-8978-441F-88EE-70B3C9EB9509}.Release|x86.Build.0 = Release|Win32
		{984BA9ED-BF04-4D8C-8B97-EF12E05A51CC}.Debug|x64.ActiveCfg = Debug|x64
		{984BA9ED-BF04-4D8C-8B97-EF12E05A51CC}.Debug|x64.Build.0 = Debug|x64
		{984BA9ED-BF04-4D8C-8B97-EF12E05A51CC}.Debug|x86.ActiveCfg = Debug|Win32
		{984BA9ED-BF04-4D8C-8B97-EF12E05A51CC}.Debug|x86.Build.0 = Debug|Win32
		{984BA9ED-BF04-4D8C-8B97-EF12E05A51CC}.Release|x64.ActiveCfg = Release|x64
		{984BA9ED-BF04-4D8C-8B97-EF12E05A51CC}.Release|x64.Build.0 = Release|x64
		{984BA9ED-BF04-4D8C-8B97-EF12E05A51CC}.Release|x86.ActiveCfg = Release|Win32
		{984BA9ED-BF04-4D8C-8B97-EF12E05A51CC}.Release|x86.Build.0 = Release|Win32
		{947DD50D-CAAF-434F-8ACB-AE1BECEFCE79}.Debug|x64.ActiveCfg = Debug|x64
		{947DD50D-CAAF-434F-8ACB-AE1BECEFCE79}.Debug|x64.Build.0 = Debug|x64
		{947DD50D-CAAF-434F-8ACB-AE1BECEFCE79}.Debug|x86.ActiveCfg = Debug|Win32
		{947DD50D-CAAF-434F-8ACB-AE1BECEFCE79}.Debug|x86.Build.0 = Debug|Win32
		{947DD50D-CAAF-434F-8ACB-AE1BECEFCE79}.Release|x64.ActiveCfg = Release|x64
		{947DD50D-CAAF-434F-8ACB-AE1BECEFCE79}.Release|x64.Build.0 = Release|x64
		{947DD50D-CAAF-434F-8ACB-AE1BECEFCE79}.Release|x86.ActiveCfg = Release|Win32
		{947DD50D-CAAF-434F-8ACB-AE1BECEFCE79}.Release|x86.Build.0 = Release|Win32
		{119342D0-B1A9-4B95-B0EB-984624E61028}.Debug|x64.ActiveCfg = Debug|x64
		{119342D0-B1A9-4B95-B0EB-984624E61028}.Debug|x64.Build.0 = Debug|x64
		{119342D0-B1A9-4B95-B0EB-984624E61028}.Debug|x86.ActiveCfg = Debug|Win32
		{119342D0-B1A9-4B95-B0EB-984624E61028}.Debug|x86.Build.0 = Debug|Win32
		{119342D0-B1A9-4B95-B0EB-984624E61028}.Release|x64.ActiveCfg = Release|x64
		{119342D0-B1A9-4B95-B0EB-984624E61028}.Release|x64.Build.0 = Release|x64
		{119342D0-B1A9-4B95-B0EB-984624E61028}.Release|x86.ActiveCfg = Release|Win32
		{119342D0-B1A9-4B95-B0EB-984624E61028}.Release|x86.Build.0 = Release|Win32
		{6AED4F55-3D89-446E-82AA-30577DEBFC7F}.Debug|x64.ActiveCfg = Debug|x64
		{6AED4F55-3D89-446E-82AA-30577DEBFC7F}.Debug|x64.Build.0 = Debug|x64
		{6AED4F55-3D89-446E-82AA-30577DEBFC7F}.Debug|x86.ActiveCfg = Debug|Win32
		{6AED4F55-3D89-446E-82AA-30577DEBFC7F}.Debug|x86.Build.0 = Debug|Win32
		{6AED4F55-3D89-446E-82AA-30577DEBFC7F}.Release|x64.ActiveCfg = Release|x64
		{6AED4F55-3D89-446E-82AA-30577DEBFC7F}.Release|x64.Build.0 = Release|x64
		{6AED4F55-3D89-446E-82AA-30577DEBFC7F}.Release|x86.ActiveCfg = Release|Win32
		{6AED4F55-3D89-446E-82AA-30577DEBFC7F}.Release|x86.Build.0 = Release|Win32
		{C0C1006C-3BB8-4B8C-913C-FF5FE42F1202}.Debug|x64.ActiveCfg = Debug|x64
		{C0C1006C-3BB8-4B8C-913C-FF5FE42F1202}.Debug|x64.Build.0 = Debug|x64
		{C0C1006C-3BB8-4B8C-913C-FF5FE42F1202}.Debug|x86.ActiveCfg = Debug|Win32
		{C0C1006C-3BB8-4B8C-913C-FF5FE42F1202}.Debug|x86.Build.0 = Debug|Win32
		{C0C1006C-3BB8-4B8C-913C-FF5FE42F1202}.Release|x64.ActiveCfg = Release|x64
		{C0C1006C-3BB8-4B8C-913C-FF5FE42F1202}.Release|x64.Build.0 = Release|x64
		{C0C1006C-3BB8-4B8C-913C-FF5FE42F1202}.Release|x86.ActiveCfg = Release|Win32
		{C0C1006C-3BB8-4B8C-913C-FF5FE42F1202}.Release|x86.Build.0 = Release|Win32
		{CA5699C0-CEB6-4174-A255-A3E311F291F9}.Debug|x64.ActiveCfg = Debug|x64
		{CA5699C0-CEB6-4174-A255-A3E311F291F9}.Debug|x64.Build.0 = Debug|x64
		{CA5699C0-CEB6-4174-A255-A3E311F291F9}.Debug|x86.ActiveCfg = Debug|Win32
		{CA5699C0-CEB6-4174-A255-A3E311F291F9}.Debug|x86.Build.0 = Debug|Win32
		{CA5699C0-CEB6-4174-A255-A3E311F291F9}.Release|x64.ActiveCfg = Release|x64
		{CA5699C0-CEB6-4174-A255-A3E311F291F9}.Release|x64.Build.0 = Release|x64
		{CA5699C0-CEB6-4174-A255-A3E311F291F9}.Release|x86.ActiveCfg = Release|Win32
		{CA5699C0-CEB6-4174-A255-A3E311F291F9}.Release|x86.Build.0 = Release|Win32
		{63A2D0F2-6F68-41A0-84E5-0E771BD03A1D}.Debug|x64.ActiveCfg = Debug|x64
		{63A2D0F2-6F68-41A0-84E5-0E771BD03A1D}.Debug|x64.Build.0 = Debug|x64
		{63A2D0F2-6F68-41A0-84E5-0E771BD03A1D}.Debug|x86.ActiveCfg = Debug|Win32
		{63A2D0F2-6F68-41A0-84E5-0E771BD03A1D}.Debug|x86.Build.0 = Debug|Win32
		{63A2D0F2-6F68-41A0-84E5-0E771BD03A1D}.Release|x64.ActiveCfg = Release|x64
		{63A2D0F2-6F68-41A0-84E5-0E771BD03A1D}.Release|x64.Build.0 = Release|x64
		{63A2D0F2-6F68-41A0-84E5-0E771BD03A1D}.Release|x86.ActiveCfg = Release|Win32
		{63A2D0F2-6F68-41A0-84E5-0E771BD03A1D}.Release|x86.Build.0 = Release|Win32
		{989BD1A7-E1D3-4EC1-9096-1FE4F83820FB}.Debug|x64.ActiveCfg = Debug|x64
		{989BD1A7-E1D3-4EC1-9096-1FE4F83820FB}.Debug|x64.Build.0 = Debug|x64
		{989BD1A7-E1D3-4EC1-9096-1FE4F83820FB}.Debug|x86.ActiveCfg = Debug|Win32
		{989BD1A7-E1D3-4EC1-9096-1FE4F83820FB}.Debug|x86.Build.0 = Debug|Win32
		{989BD1A7-E1D3-4EC1-9096-1FE4F83820FB}.Release|x64.ActiveCfg = Release|x64
		{989BD1A7-E1D3-4EC1-9096-1FE4F83820FB}.Release|x64.Build.0 = Release|x64
		{989BD1A7-E1D3-4EC1-9096-1FE4F83820FB}.Release|x86.ActiveCfg = Release|Win32
		{989BD1A7-E1D3-4EC1-9096-1FE4F83820FB}.Release|x86.Build.0 = Release|Win32
		{FC5B1341-C8BA-4F14-9EC2-D7A4B49A14DB}.Debug|x64.ActiveCfg = Debug|x64
		{FC5B1341-C8BA-4F14-9EC2-D7A4B49A14DB}.Debug|x64.Build.0 = Debug|x64
		{FC5B1341-C8BA-4F14-9EC2-D7A4B49A14DB}.Debug|x86.ActiveCfg = Debug|Win32
		{FC5B1341-C8BA-4F14-9EC2-D7A4B49A14DB}.Debug|x86.Build.0 = Debug|Win32
		{FC5B1341-C8BA-4F14-9EC2-D7A4B49A14DB}.Release|x64.ActiveCfg = Release|x64
		{FC5B1341-C8BA-4F14-9EC2-D7A4B49A14DB}.Release|x64.Build.0 = Release|x64
		{FC5B1341-C8BA-4F14-9EC2-D7A4B49A14DB}.Release|x86.ActiveCfg = Release|Win32
		{FC5B1341-C8BA-4F14-9EC2-D7A4B49A14DB}.Release|x86.Build.0 = Release|Win32
		{7C35C0A2-0AB4-4D48-9164-F7EF0B3016E3}.Debug|x64.ActiveCfg = Debug|x64
		{7C35C0A2-0AB4-4D48-9164-F7EF0B3016E3}.Debug|x64.Build.0 = Debug|x64
		{7C35C0A2-0AB4-4D48-9164-F7EF0B3016E3}.Debug|x86.ActiveCfg = Debug|Win32
		{7C35C0A2-0AB4-4D48-9164-F7EF0B3016E3}.Debug|x86.Build.0 = Debug|Win32
		{7C35C0A2-0AB4-4D48-9164-F7EF0B3016E3}.Release|x64.ActiveCfg = Release|x64
		{7C35C0A2-0AB4-4D48-9164-F7EF0B3016E3}.Release|x64.Build.0 = Release|x64
		{7C35C0A2-0AB4-4D48-9164-F7EF0B3016E3}.Release|x86.ActiveCfg = Release|Win32
		{7C35C0A2-0AB4-4D48-9164-F7EF0B3016E3}.Release|x86.Build.0 = Release|Win32
		{64DD6EAD-D9F8-4998-A0F5-5553F5AF7BA0}.Debug|x64.ActiveCfg = Debug|x64
		{64DD6EAD-D9F8-4998-A0F5-5553F5AF7BA0}.Debug|x64.Build.0 = Debug|x64
		{64DD6EAD-D9F8-4998-A0F5-5553F5AF7BA0}.Debug|x86.ActiveCfg = Debug|Win32
		{64DD6EAD-D9F8-4998-A0F5-5553F5AF7BA0}.Debug|x86.Build.0 = Debug|Win32
		{64DD6EAD-D9F8-4998-A0F5-5553F5AF7BA0}.Release|x64.ActiveCfg = Release|x64
		{64DD6EAD-D9F8-4998-A0F5-5553F5AF7BA0}.Release|x64.Build.0 = Release|x64
		{64DD6EAD-D9F8-4998-A0F5-5553F5AF7BA0}.Release|x86.ActiveCfg = Release|Win32
		{64DD6EAD-D9F8-4998-A0F5-5553F5AF7BA0}.Release|x86.Build.0 = Release|Win32
		{DFFC5D8E-9CB5-4238-B800-CF455714A6E5}.Debug|x64.ActiveCfg = Debug|x64
		{DFFC5D8E-9CB5-4238-B800-CF455714A6E5}.Debug|x64.Build.0 = Debug|x64
		{DFFC5D8E-9CB5-4238-B800-CF455714A6E5}.Debug|x86.ActiveCfg = Debug|Win32
		{DFFC5D8E-9CB5-4238-B800-CF455714A6E5}.Debug|x86.Build.0 = Debug|Win32
		{DFFC5D8E-9CB5-4238-B800-CF455714A6E5}.Release|x64.ActiveCfg = Release|x64
		{DFFC5D8E-9CB5-4238-B800-CF455714A6E5}.Release|x64.Build.0 = Release|x64
		{DFFC5D8E-9CB5-4238-B800-CF455714A6E5}.Release|x86.ActiveCfg = Release|Win32
		{DFFC5D8E-9CB5-4238-B800-CF455714A6E5}.Release|x86.Build.0 = Release|Win32
		{6139950A-C450-4F3F-ABB2-5B97A8AF7CC1}.Debug|x64.ActiveCfg = Debug|x64
		{6139950A-C450-4F3F-ABB2-5B97A8AF7CC1}.Debug|x64.Build.0 = Debug|x64
		{6139950A-C450-4F3F-ABB2-5B97A8AF7CC1}.Debug|x86.ActiveCfg = Debug|Win32
		{6139950A-C450-4F3F-ABB2-5B97A8AF7CC1}.Debug|x86.Build.0 = Debug|Win32
		{6139950A-C450-4F3F-ABB2-5B97A8AF7CC1}.Release|x64.ActiveCfg = Release|x64
		{6139950A-C450-4F3F-ABB2-5B97A8AF7CC1}.Release|x64.Build.0 = Release|x64
		{6139950A-C450-4F3F-ABB2-5B97A8AF7CC1}.Release|x86.ActiveCfg = Release|Win32
		{6139950A-C450-4F3F-ABB2-5B97A8AF7CC1}.Release|x86.Build.0 = Release|Win32
	EndGlobalSection
	GlobalSection(SolutionProperties) = preSolution
		HideSolutionNode = FALSE
	EndGlobalSection
	GlobalSection(NestedProjects) = preSolution
		{831D6B60-3E7F-475C-BBF7-2E860EE0ECCA} = {BBB710F9-7B5F-4793-9404-B0470C0CA29C}
		{0368A07F-0DF9-47EF-AF92-9876D82C92D7} = {BBB710F9-7B5F-4793-9404-B0470C0CA29C}
		{56B89C31-8F3E-459E-8BCB-B36CD3929C33} = {BBB710F9-7B5F-4793-9404-B0470C0CA29C}
		{9EE4E2BC-C5C7-4126-B4ED-90285AC58989} = {BBB710F9-7B5F-4793-9404-B0470C0CA29C}
		{05D6C895-2822-4D69-8E4B-1E2325B3AA34} = {BBB710F9-7B5F-4793-9404-B0470C0CA29C}
		{6C4944EA-5263-4714-98DA-F613ECF09B5A} = {BBB710F9-7B5F-4793-9404-B0470C0CA29C}
		{395BD4B4-E052-42BC-81B7-FB3072A61ADA} = {BBB710F9-7B5F-4793-9404-B0470C0CA29C}
		{04B229B0-86F5-4BC1-8E81-18B12A369821} = {BBB710F9-7B5F-4793-9404-B0470C0CA29C}
		{782B32E4-B837-4963-A8B4-81141383845F} = {BBB710F9-7B5F-4793-9404-B0470C0CA29C}
		{BF566BD5-8D88-4443-B195-340D95B2B4CF} = {BBB710F9-7B5F-4793-9404-B0470C0CA29C}
		{53D76B91-AC85-486C-95B3-8A014164D636} = {BBB710F9-7B5F-4793-9404-B0470C0CA29C}
		{F7550663-43AB-497A-800D-F57F86E061E2} = {BBB710F9-7B5F-4793-9404-B0470C0CA29C}
		{87058F11-CA50-426B-A095-F5AB14EE7B54} = {BBB710F9-7B5F-4793-9404-B0470C0CA29C}
		{139682F1-202F-4CDE-8C54-7D6F6A75884A} = {756C663B-F7B7-4CB1-904C-883EDE02DCAF}
		{F15CFADB-0F67-4ABE-825A-D4D885C0545C} = {AD7F3C00-826E-49FB-AB1D-75E42EBE9068}
		{ACBBEC0F-479D-4A33-BA4E-B735DF9DF37B} = {498F3297-38A2-4381-BD46-55B10FB4965B}
		{C7D74544-AF11-4886-A241-277AF6833B2A} = {498F3297-38A2-4381-BD46-55B10FB4965B}
		{9D9596B4-784D-40B2-9BF6-933B0C9066C7} = {BBB710F9-7B5F-4793-9404-B0470C0CA29C}
		{5802AB1D-CCB9-490C-80D7-612839B43AAE} = {BBB710F9-7B5F-4793-9404-B0470C0CA29C}
		{3155CA43-30F9-4005-92F5-F3D92329ACA1} = {BBB710F9-7B5F-4793-9404-B0470C0CA29C}
		{5B405CE6-0C04-43C2-BBA1-5668E1757656} = {BBB710F9-7B5F-4793-9404-B0470C0CA29C}
		{66458BD8-AEEB-4CEF-AAF8-B10032EEE90C} = {498F3297-38A2-4381-BD46-55B10FB4965B}
		{5CB4B512-14D7-4CE9-AA18-C6941C3B069C} = {756C663B-F7B7-4CB1-904C-883EDE02DCAF}
		{003E6F8F-1766-4328-9BAC-AFD8012A67EC} = {BBB710F9-7B5F-4793-9404-B0470C0CA29C}
		{12FDC134-0C1A-4ECF-94FC-A421B17A9518} = {BBB710F9-7B5F-4793-9404-B0470C0CA29C}
		{6D36515C-F401-4B62-B0E6-50A0FA74B7FC} = {BBB710F9-7B5F-4793-9404-B0470C0CA29C}
		{A5CA4968-C356-4A3D-9C39-722A36E34665} = {BBB710F9-7B5F-4793-9404-B0470C0CA29C}
		{EBA8A89A-59E9-4926-9C50-08DA613DD4C0} = {AD7F3C00-826E-49FB-AB1D-75E42EBE9068}
		{4D05D41C-EE12-4D9B-9FEE-8413C9F1F5B0} = {AD7F3C00-826E-49FB-AB1D-75E42EBE9068}
		{60513E6D-6C6E-4980-8273-C36EE99F68D7} = {AD7F3C00-826E-49FB-AB1D-75E42EBE9068}
		{5FE9F698-DEBA-4978-974F-203D4CD97FE7} = {AD7F3C00-826E-49FB-AB1D-75E42EBE9068}
		{1841C338-0C01-48F3-B2DB-A9B773C0B9D7} = {AD7F3C00-826E-49FB-AB1D-75E42EBE9068}
		{D9008C71-1E61-438E-B58A-BB9361C60814} = {AD7F3C00-826E-49FB-AB1D-75E42EBE9068}
		{2BC695C6-E4B3-4DBA-A12B-4D0E7DB025DF} = {AD7F3C00-826E-49FB-AB1D-75E42EBE9068}
		{6C18DBA4-8978-441F-88EE-70B3C9EB9509} = {AD7F3C00-826E-49FB-AB1D-75E42EBE9068}
		{984BA9ED-BF04-4D8C-8B97-EF12E05A51CC} = {AD7F3C00-826E-49FB-AB1D-75E42EBE9068}
		{947DD50D-CAAF-434F-8ACB-AE1BECEFCE79} = {AD7F3C00-826E-49FB-AB1D-75E42EBE9068}
		{119342D0-B1A9-4B95-B0EB-984624E61028} = {AD7F3C00-826E-49FB-AB1D-75E42EBE9068}
		{6AED4F55-3D89-446E-82AA-30577DEBFC7F} = {AD7F3C00-826E-49FB-AB1D-75E42EBE9068}
		{C0C1006C-3BB8-4B8C-913C-FF5FE42F1202} = {AD7F3C00-826E-49FB-AB1D-75E42EBE9068}
		{CA5699C0-CEB6-4174-A255-A3E311F291F9} = {AD7F3C00-826E-49FB-AB1D-75E42EBE9068}
		{63A2D0F2-6F68-41A0-84E5-0E771BD03A1D} = {AD7F3C00-826E-49FB-AB1D-75E42EBE9068}
		{989BD1A7-E1D3-4EC1-9096-1FE4F83820FB} = {AD7F3C00-826E-49FB-AB1D-75E42EBE9068}
		{FC5B1341-C8BA-4F14-9EC2-D7A4B49A14DB} = {AD7F3C00-826E-49FB-AB1D-75E42EBE9068}
		{7C35C0A2-0AB4-4D48-9164-F7EF0B3016E3} = {AD7F3C00-826E-49FB-AB1D-75E42EBE9068}
		{64DD6EAD-D9F8-4998-A0F5-5553F5AF7BA0} = {AD7F3C00-826E-49FB-AB1D-75E42EBE9068}
		{DFFC5D8E-9CB5-4238-B800-CF455714A6E5} = {AD7F3C00-826E-49FB-AB1D-75E42EBE9068}
		{6139950A-C450-4F3F-ABB2-5B97A8AF7CC1} = {AD7F3C00-826E-49FB-AB1D-75E42EBE9068}
	EndGlobalSection
	GlobalSection(ExtensibilityGlobals) = postSolution
		SolutionGuid = {32CBB9AD-B425-475D-8493-1D648348F60F}
	EndGlobalSection
EndGlobal
