
Microsoft Visual Studio Solution File, Format Version 12.00
# Visual Studio 15
VisualStudioVersion = 15.0.28307.136
MinimumVisualStudioVersion = 10.0.40219.1
Project("{8BC9CEB8-8B4A-11D0-8D11-00A0C91BC942}") = "algorithm_exercise", "algorithm_exercise\algorithm_exercise.vcxproj", "{9041C05B-C0B5-41E4-ACE6-D469518B444B}"
EndProject
Project("{8BC9CEB8-8B4A-11D0-8D11-00A0C91BC942}") = "StarStamp_3", "StarStamp_3\StarStamp_3.vcxproj", "{B4FEDAE5-F381-492C-B5C2-2427495F7CBC}"
EndProject
Project("{8BC9CEB8-8B4A-11D0-8D11-00A0C91BC942}") = "StarStamp_2", "StarStamp_2\StarStamp_2.vcxproj", "{A8643DD1-B866-4869-9FF7-8766FBF1284C}"
EndProject
Project("{8BC9CEB8-8B4A-11D0-8D11-00A0C91BC942}") = "StarStamp4_diamond", "StarStamp4_diamond\StarStamp4_diamond.vcxproj", "{8008569F-A20C-45EC-9F05-17BF6DD3FF33}"
EndProject
Project("{8BC9CEB8-8B4A-11D0-8D11-00A0C91BC942}") = "001_1to100Odd", "001_1to100Odd\001_1to100Odd.vcxproj", "{831D6B60-3E7F-475C-BBF7-2E860EE0ECCA}"
EndProject
Project("{8BC9CEB8-8B4A-11D0-8D11-00A0C91BC942}") = "002_1to100Even", "002_1to100Even\002_1to100Even.vcxproj", "{0368A07F-0DF9-47EF-AF92-9876D82C92D7}"
EndProject
Project("{8BC9CEB8-8B4A-11D0-8D11-00A0C91BC942}") = "003_SmalltoBigSort", "003_SmalltoBigSort\003_SmalltoBigSort.vcxproj", "{56B89C31-8F3E-459E-8BCB-B36CD3929C33}"
EndProject
Project("{8BC9CEB8-8B4A-11D0-8D11-00A0C91BC942}") = "005_AddOdd", "005_AddOdd\005_AddOdd.vcxproj", "{9EE4E2BC-C5C7-4126-B4ED-90285AC58989}"
EndProject
Project("{8BC9CEB8-8B4A-11D0-8D11-00A0C91BC942}") = "006_Sw_더블더블", "006_Sw_더블더블\006_Sw_더블더블.vcxproj", "{05D6C895-2822-4D69-8E4B-1E2325B3AA34}"
EndProject
Project("{8BC9CEB8-8B4A-11D0-8D11-00A0C91BC942}") = "007_Sw_가위바위보", "007_Sw_가위바위보\007_Sw_가위바위보.vcxproj", "{6C4944EA-5263-4714-98DA-F613ECF09B5A}"
EndProject
Project("{8BC9CEB8-8B4A-11D0-8D11-00A0C91BC942}") = "008_Sw_약수", "008_Sw_약수\008_Sw_약수.vcxproj", "{395BD4B4-E052-42BC-81B7-FB3072A61ADA}"
EndProject
Project("{8BC9CEB8-8B4A-11D0-8D11-00A0C91BC942}") = "009_sw_간단한 계산기", "009_sw_간단한 계산기\009_sw_간단한 계산기.vcxproj", "{04B229B0-86F5-4BC1-8E81-18B12A369821}"
EndProject
Project("{8BC9CEB8-8B4A-11D0-8D11-00A0C91BC942}") = "010_Sw_N줄더하기", "010_Sw_N줄더하기\010_Sw_N줄더하기.vcxproj", "{782B32E4-B837-4963-A8B4-81141383845F}"
EndProject
Project("{8BC9CEB8-8B4A-11D0-8D11-00A0C91BC942}") = "011_Sw_몫과 나머지 출력하기", "011_Sw_몫과 나머지 출력하기\011_Sw_몫과 나머지 출력하기.vcxproj", "{BF566BD5-8D88-4443-B195-340D95B2B4CF}"
EndProject
Project("{8BC9CEB8-8B4A-11D0-8D11-00A0C91BC942}") = "012_Sw_서랍의 비밀번호", "012_Sw_서랍의 비밀번호\012_Sw_서랍의 비밀번호.vcxproj", "{53D76B91-AC85-486C-95B3-8A014164D636}"
EndProject
Project("{8BC9CEB8-8B4A-11D0-8D11-00A0C91BC942}") = "Project2", "Project2\Project2.vcxproj", "{E0062B75-158C-4B0D-B3D3-EFD0825352BD}"
EndProject
Project("{8BC9CEB8-8B4A-11D0-8D11-00A0C91BC942}") = "013_Sw_최빈수 구하기", "013_Sw_최빈수 구하기\013_Sw_최빈수 구하기.vcxproj", "{F7550663-43AB-497A-800D-F57F86E061E2}"
EndProject
Project("{8BC9CEB8-8B4A-11D0-8D11-00A0C91BC942}") = "014_Sw_수도 요금 경쟁", "014_Sw_수도 요금 경쟁\014_Sw_수도 요금 경쟁.vcxproj", "{87058F11-CA50-426B-A095-F5AB14EE7B54}"
EndProject
Project("{8BC9CEB8-8B4A-11D0-8D11-00A0C91BC942}") = "015_KS_열과 행이 겹치지 않는 최대수", "015_KS_열과 행이 겹치지 않는 최대수\015_KS_열과 행이 겹치지 않는 최대수.vcxproj", "{139682F1-202F-4CDE-8C54-7D6F6A75884A}"
EndProject
Project("{8BC9CEB8-8B4A-11D0-8D11-00A0C91BC942}") = "016_BJ_Tournament", "016_BJ_Tournament\016_BJ_Tournament.vcxproj", "{F15CFADB-0F67-4ABE-825A-D4D885C0545C}"
EndProject
Project("{8BC9CEB8-8B4A-11D0-8D11-00A0C91BC942}") = "017_CF_A. Frog Jumping", "017_CF_A. Frog Jumping\017_CF_A. Frog Jumping.vcxproj", "{ACBBEC0F-479D-4A33-BA4E-B735DF9DF37B}"
EndProject
Project("{8BC9CEB8-8B4A-11D0-8D11-00A0C91BC942}") = "018_CF_Disturbed People", "018_CF_Disturbed People\018_CF_Disturbed People.vcxproj", "{C7D74544-AF11-4886-A241-277AF6833B2A}"
EndProject
Project("{8BC9CEB8-8B4A-11D0-8D11-00A0C91BC942}") = "019_SwD2_아름이의 돌던지기", "019_SwD2_아름이의 돌던지기\019_SwD2_아름이의 돌던지기.vcxproj", "{9D9596B4-784D-40B2-9BF6-933B0C9066C7}"
EndProject
Project("{8BC9CEB8-8B4A-11D0-8D11-00A0C91BC942}") = "020_SwD2_새로운 불면증 치료법", "020_SwD2_새로운 불면증 치료법\020_SwD2_새로운 불면증 치료법.vcxproj", "{5802AB1D-CCB9-490C-80D7-612839B43AAE}"
EndProject
Project("{8BC9CEB8-8B4A-11D0-8D11-00A0C91BC942}") = "021_SwD2_가랏! RC카!", "021_SwD2_가랏! RC카!\021_SwD2_가랏! RC카!.vcxproj", "{3155CA43-30F9-4005-92F5-F3D92329ACA1}"
EndProject
Project("{8BC9CEB8-8B4A-11D0-8D11-00A0C91BC942}") = "022_SwD2_간단한 압축문제", "022_SwD2_간단한 압축문제\022_SwD2_간단한 압축문제.vcxproj", "{5B405CE6-0C04-43C2-BBA1-5668E1757656}"
EndProject
Project("{8BC9CEB8-8B4A-11D0-8D11-00A0C91BC942}") = "023_CFA_ ss", "023_CFA_ ss\023_CFA_ ss.vcxproj", "{66458BD8-AEEB-4CEF-AAF8-B10032EEE90C}"
EndProject
Global
	GlobalSection(SolutionConfigurationPlatforms) = preSolution
		Debug|x64 = Debug|x64
		Debug|x86 = Debug|x86
		Release|x64 = Release|x64
		Release|x86 = Release|x86
	EndGlobalSection
	GlobalSection(ProjectConfigurationPlatforms) = postSolution
		{9041C05B-C0B5-41E4-ACE6-D469518B444B}.Debug|x64.ActiveCfg = Debug|x64
		{9041C05B-C0B5-41E4-ACE6-D469518B444B}.Debug|x64.Build.0 = Debug|x64
		{9041C05B-C0B5-41E4-ACE6-D469518B444B}.Debug|x86.ActiveCfg = Debug|Win32
		{9041C05B-C0B5-41E4-ACE6-D469518B444B}.Debug|x86.Build.0 = Debug|Win32
		{9041C05B-C0B5-41E4-ACE6-D469518B444B}.Release|x64.ActiveCfg = Release|x64
		{9041C05B-C0B5-41E4-ACE6-D469518B444B}.Release|x64.Build.0 = Release|x64
		{9041C05B-C0B5-41E4-ACE6-D469518B444B}.Release|x86.ActiveCfg = Release|Win32
		{9041C05B-C0B5-41E4-ACE6-D469518B444B}.Release|x86.Build.0 = Release|Win32
		{B4FEDAE5-F381-492C-B5C2-2427495F7CBC}.Debug|x64.ActiveCfg = Debug|x64
		{B4FEDAE5-F381-492C-B5C2-2427495F7CBC}.Debug|x64.Build.0 = Debug|x64
		{B4FEDAE5-F381-492C-B5C2-2427495F7CBC}.Debug|x86.ActiveCfg = Debug|Win32
		{B4FEDAE5-F381-492C-B5C2-2427495F7CBC}.Debug|x86.Build.0 = Debug|Win32
		{B4FEDAE5-F381-492C-B5C2-2427495F7CBC}.Release|x64.ActiveCfg = Release|x64
		{B4FEDAE5-F381-492C-B5C2-2427495F7CBC}.Release|x64.Build.0 = Release|x64
		{B4FEDAE5-F381-492C-B5C2-2427495F7CBC}.Release|x86.ActiveCfg = Release|Win32
		{B4FEDAE5-F381-492C-B5C2-2427495F7CBC}.Release|x86.Build.0 = Release|Win32
		{A8643DD1-B866-4869-9FF7-8766FBF1284C}.Debug|x64.ActiveCfg = Debug|x64
		{A8643DD1-B866-4869-9FF7-8766FBF1284C}.Debug|x64.Build.0 = Debug|x64
		{A8643DD1-B866-4869-9FF7-8766FBF1284C}.Debug|x86.ActiveCfg = Debug|Win32
		{A8643DD1-B866-4869-9FF7-8766FBF1284C}.Debug|x86.Build.0 = Debug|Win32
		{A8643DD1-B866-4869-9FF7-8766FBF1284C}.Release|x64.ActiveCfg = Release|x64
		{A8643DD1-B866-4869-9FF7-8766FBF1284C}.Release|x64.Build.0 = Release|x64
		{A8643DD1-B866-4869-9FF7-8766FBF1284C}.Release|x86.ActiveCfg = Release|Win32
		{A8643DD1-B866-4869-9FF7-8766FBF1284C}.Release|x86.Build.0 = Release|Win32
		{8008569F-A20C-45EC-9F05-17BF6DD3FF33}.Debug|x64.ActiveCfg = Debug|x64
		{8008569F-A20C-45EC-9F05-17BF6DD3FF33}.Debug|x64.Build.0 = Debug|x64
		{8008569F-A20C-45EC-9F05-17BF6DD3FF33}.Debug|x86.ActiveCfg = Debug|Win32
		{8008569F-A20C-45EC-9F05-17BF6DD3FF33}.Debug|x86.Build.0 = Debug|Win32
		{8008569F-A20C-45EC-9F05-17BF6DD3FF33}.Release|x64.ActiveCfg = Release|x64
		{8008569F-A20C-45EC-9F05-17BF6DD3FF33}.Release|x64.Build.0 = Release|x64
		{8008569F-A20C-45EC-9F05-17BF6DD3FF33}.Release|x86.ActiveCfg = Release|Win32
		{8008569F-A20C-45EC-9F05-17BF6DD3FF33}.Release|x86.Build.0 = Release|Win32
		{831D6B60-3E7F-475C-BBF7-2E860EE0ECCA}.Debug|x64.ActiveCfg = Debug|x64
		{831D6B60-3E7F-475C-BBF7-2E860EE0ECCA}.Debug|x64.Build.0 = Debug|x64
		{831D6B60-3E7F-475C-BBF7-2E860EE0ECCA}.Debug|x86.ActiveCfg = Debug|Win32
		{831D6B60-3E7F-475C-BBF7-2E860EE0ECCA}.Debug|x86.Build.0 = Debug|Win32
		{831D6B60-3E7F-475C-BBF7-2E860EE0ECCA}.Release|x64.ActiveCfg = Release|x64
		{831D6B60-3E7F-475C-BBF7-2E860EE0ECCA}.Release|x64.Build.0 = Release|x64
		{831D6B60-3E7F-475C-BBF7-2E860EE0ECCA}.Release|x86.ActiveCfg = Release|Win32
		{831D6B60-3E7F-475C-BBF7-2E860EE0ECCA}.Release|x86.Build.0 = Release|Win32
		{0368A07F-0DF9-47EF-AF92-9876D82C92D7}.Debug|x64.ActiveCfg = Debug|x64
		{0368A07F-0DF9-47EF-AF92-9876D82C92D7}.Debug|x64.Build.0 = Debug|x64
		{0368A07F-0DF9-47EF-AF92-9876D82C92D7}.Debug|x86.ActiveCfg = Debug|Win32
		{0368A07F-0DF9-47EF-AF92-9876D82C92D7}.Debug|x86.Build.0 = Debug|Win32
		{0368A07F-0DF9-47EF-AF92-9876D82C92D7}.Release|x64.ActiveCfg = Release|x64
		{0368A07F-0DF9-47EF-AF92-9876D82C92D7}.Release|x64.Build.0 = Release|x64
		{0368A07F-0DF9-47EF-AF92-9876D82C92D7}.Release|x86.ActiveCfg = Release|Win32
		{0368A07F-0DF9-47EF-AF92-9876D82C92D7}.Release|x86.Build.0 = Release|Win32
		{56B89C31-8F3E-459E-8BCB-B36CD3929C33}.Debug|x64.ActiveCfg = Debug|x64
		{56B89C31-8F3E-459E-8BCB-B36CD3929C33}.Debug|x64.Build.0 = Debug|x64
		{56B89C31-8F3E-459E-8BCB-B36CD3929C33}.Debug|x86.ActiveCfg = Debug|Win32
		{56B89C31-8F3E-459E-8BCB-B36CD3929C33}.Debug|x86.Build.0 = Debug|Win32
		{56B89C31-8F3E-459E-8BCB-B36CD3929C33}.Release|x64.ActiveCfg = Release|x64
		{56B89C31-8F3E-459E-8BCB-B36CD3929C33}.Release|x64.Build.0 = Release|x64
		{56B89C31-8F3E-459E-8BCB-B36CD3929C33}.Release|x86.ActiveCfg = Release|Win32
		{56B89C31-8F3E-459E-8BCB-B36CD3929C33}.Release|x86.Build.0 = Release|Win32
		{9EE4E2BC-C5C7-4126-B4ED-90285AC58989}.Debug|x64.ActiveCfg = Debug|x64
		{9EE4E2BC-C5C7-4126-B4ED-90285AC58989}.Debug|x64.Build.0 = Debug|x64
		{9EE4E2BC-C5C7-4126-B4ED-90285AC58989}.Debug|x86.ActiveCfg = Debug|Win32
		{9EE4E2BC-C5C7-4126-B4ED-90285AC58989}.Debug|x86.Build.0 = Debug|Win32
		{9EE4E2BC-C5C7-4126-B4ED-90285AC58989}.Release|x64.ActiveCfg = Release|x64
		{9EE4E2BC-C5C7-4126-B4ED-90285AC58989}.Release|x64.Build.0 = Release|x64
		{9EE4E2BC-C5C7-4126-B4ED-90285AC58989}.Release|x86.ActiveCfg = Release|Win32
		{9EE4E2BC-C5C7-4126-B4ED-90285AC58989}.Release|x86.Build.0 = Release|Win32
		{05D6C895-2822-4D69-8E4B-1E2325B3AA34}.Debug|x64.ActiveCfg = Debug|x64
		{05D6C895-2822-4D69-8E4B-1E2325B3AA34}.Debug|x64.Build.0 = Debug|x64
		{05D6C895-2822-4D69-8E4B-1E2325B3AA34}.Debug|x86.ActiveCfg = Debug|Win32
		{05D6C895-2822-4D69-8E4B-1E2325B3AA34}.Debug|x86.Build.0 = Debug|Win32
		{05D6C895-2822-4D69-8E4B-1E2325B3AA34}.Release|x64.ActiveCfg = Release|x64
		{05D6C895-2822-4D69-8E4B-1E2325B3AA34}.Release|x64.Build.0 = Release|x64
		{05D6C895-2822-4D69-8E4B-1E2325B3AA34}.Release|x86.ActiveCfg = Release|Win32
		{05D6C895-2822-4D69-8E4B-1E2325B3AA34}.Release|x86.Build.0 = Release|Win32
		{6C4944EA-5263-4714-98DA-F613ECF09B5A}.Debug|x64.ActiveCfg = Debug|x64
		{6C4944EA-5263-4714-98DA-F613ECF09B5A}.Debug|x64.Build.0 = Debug|x64
		{6C4944EA-5263-4714-98DA-F613ECF09B5A}.Debug|x86.ActiveCfg = Debug|Win32
		{6C4944EA-5263-4714-98DA-F613ECF09B5A}.Debug|x86.Build.0 = Debug|Win32
		{6C4944EA-5263-4714-98DA-F613ECF09B5A}.Release|x64.ActiveCfg = Release|x64
		{6C4944EA-5263-4714-98DA-F613ECF09B5A}.Release|x64.Build.0 = Release|x64
		{6C4944EA-5263-4714-98DA-F613ECF09B5A}.Release|x86.ActiveCfg = Release|Win32
		{6C4944EA-5263-4714-98DA-F613ECF09B5A}.Release|x86.Build.0 = Release|Win32
		{395BD4B4-E052-42BC-81B7-FB3072A61ADA}.Debug|x64.ActiveCfg = Debug|x64
		{395BD4B4-E052-42BC-81B7-FB3072A61ADA}.Debug|x64.Build.0 = Debug|x64
		{395BD4B4-E052-42BC-81B7-FB3072A61ADA}.Debug|x86.ActiveCfg = Debug|Win32
		{395BD4B4-E052-42BC-81B7-FB3072A61ADA}.Debug|x86.Build.0 = Debug|Win32
		{395BD4B4-E052-42BC-81B7-FB3072A61ADA}.Release|x64.ActiveCfg = Release|x64
		{395BD4B4-E052-42BC-81B7-FB3072A61ADA}.Release|x64.Build.0 = Release|x64
		{395BD4B4-E052-42BC-81B7-FB3072A61ADA}.Release|x86.ActiveCfg = Release|Win32
		{395BD4B4-E052-42BC-81B7-FB3072A61ADA}.Release|x86.Build.0 = Release|Win32
		{04B229B0-86F5-4BC1-8E81-18B12A369821}.Debug|x64.ActiveCfg = Debug|x64
		{04B229B0-86F5-4BC1-8E81-18B12A369821}.Debug|x64.Build.0 = Debug|x64
		{04B229B0-86F5-4BC1-8E81-18B12A369821}.Debug|x86.ActiveCfg = Debug|Win32
		{04B229B0-86F5-4BC1-8E81-18B12A369821}.Debug|x86.Build.0 = Debug|Win32
		{04B229B0-86F5-4BC1-8E81-18B12A369821}.Release|x64.ActiveCfg = Release|x64
		{04B229B0-86F5-4BC1-8E81-18B12A369821}.Release|x64.Build.0 = Release|x64
		{04B229B0-86F5-4BC1-8E81-18B12A369821}.Release|x86.ActiveCfg = Release|Win32
		{04B229B0-86F5-4BC1-8E81-18B12A369821}.Release|x86.Build.0 = Release|Win32
		{782B32E4-B837-4963-A8B4-81141383845F}.Debug|x64.ActiveCfg = Debug|x64
		{782B32E4-B837-4963-A8B4-81141383845F}.Debug|x64.Build.0 = Debug|x64
		{782B32E4-B837-4963-A8B4-81141383845F}.Debug|x86.ActiveCfg = Debug|Win32
		{782B32E4-B837-4963-A8B4-81141383845F}.Debug|x86.Build.0 = Debug|Win32
		{782B32E4-B837-4963-A8B4-81141383845F}.Release|x64.ActiveCfg = Release|x64
		{782B32E4-B837-4963-A8B4-81141383845F}.Release|x64.Build.0 = Release|x64
		{782B32E4-B837-4963-A8B4-81141383845F}.Release|x86.ActiveCfg = Release|Win32
		{782B32E4-B837-4963-A8B4-81141383845F}.Release|x86.Build.0 = Release|Win32
		{BF566BD5-8D88-4443-B195-340D95B2B4CF}.Debug|x64.ActiveCfg = Debug|x64
		{BF566BD5-8D88-4443-B195-340D95B2B4CF}.Debug|x64.Build.0 = Debug|x64
		{BF566BD5-8D88-4443-B195-340D95B2B4CF}.Debug|x86.ActiveCfg = Debug|Win32
		{BF566BD5-8D88-4443-B195-340D95B2B4CF}.Debug|x86.Build.0 = Debug|Win32
		{BF566BD5-8D88-4443-B195-340D95B2B4CF}.Release|x64.ActiveCfg = Release|x64
		{BF566BD5-8D88-4443-B195-340D95B2B4CF}.Release|x64.Build.0 = Release|x64
		{BF566BD5-8D88-4443-B195-340D95B2B4CF}.Release|x86.ActiveCfg = Release|Win32
		{BF566BD5-8D88-4443-B195-340D95B2B4CF}.Release|x86.Build.0 = Release|Win32
		{53D76B91-AC85-486C-95B3-8A014164D636}.Debug|x64.ActiveCfg = Debug|x64
		{53D76B91-AC85-486C-95B3-8A014164D636}.Debug|x64.Build.0 = Debug|x64
		{53D76B91-AC85-486C-95B3-8A014164D636}.Debug|x86.ActiveCfg = Debug|Win32
		{53D76B91-AC85-486C-95B3-8A014164D636}.Debug|x86.Build.0 = Debug|Win32
		{53D76B91-AC85-486C-95B3-8A014164D636}.Release|x64.ActiveCfg = Release|x64
		{53D76B91-AC85-486C-95B3-8A014164D636}.Release|x64.Build.0 = Release|x64
		{53D76B91-AC85-486C-95B3-8A014164D636}.Release|x86.ActiveCfg = Release|Win32
		{53D76B91-AC85-486C-95B3-8A014164D636}.Release|x86.Build.0 = Release|Win32
		{E0062B75-158C-4B0D-B3D3-EFD0825352BD}.Debug|x64.ActiveCfg = Debug|x64
		{E0062B75-158C-4B0D-B3D3-EFD0825352BD}.Debug|x64.Build.0 = Debug|x64
		{E0062B75-158C-4B0D-B3D3-EFD0825352BD}.Debug|x86.ActiveCfg = Debug|Win32
		{E0062B75-158C-4B0D-B3D3-EFD0825352BD}.Debug|x86.Build.0 = Debug|Win32
		{E0062B75-158C-4B0D-B3D3-EFD0825352BD}.Release|x64.ActiveCfg = Release|x64
		{E0062B75-158C-4B0D-B3D3-EFD0825352BD}.Release|x64.Build.0 = Release|x64
		{E0062B75-158C-4B0D-B3D3-EFD0825352BD}.Release|x86.ActiveCfg = Release|Win32
		{E0062B75-158C-4B0D-B3D3-EFD0825352BD}.Release|x86.Build.0 = Release|Win32
		{F7550663-43AB-497A-800D-F57F86E061E2}.Debug|x64.ActiveCfg = Debug|x64
		{F7550663-43AB-497A-800D-F57F86E061E2}.Debug|x64.Build.0 = Debug|x64
		{F7550663-43AB-497A-800D-F57F86E061E2}.Debug|x86.ActiveCfg = Debug|Win32
		{F7550663-43AB-497A-800D-F57F86E061E2}.Debug|x86.Build.0 = Debug|Win32
		{F7550663-43AB-497A-800D-F57F86E061E2}.Release|x64.ActiveCfg = Release|x64
		{F7550663-43AB-497A-800D-F57F86E061E2}.Release|x64.Build.0 = Release|x64
		{F7550663-43AB-497A-800D-F57F86E061E2}.Release|x86.ActiveCfg = Release|Win32
		{F7550663-43AB-497A-800D-F57F86E061E2}.Release|x86.Build.0 = Release|Win32
		{87058F11-CA50-426B-A095-F5AB14EE7B54}.Debug|x64.ActiveCfg = Debug|x64
		{87058F11-CA50-426B-A095-F5AB14EE7B54}.Debug|x64.Build.0 = Debug|x64
		{87058F11-CA50-426B-A095-F5AB14EE7B54}.Debug|x86.ActiveCfg = Debug|Win32
		{87058F11-CA50-426B-A095-F5AB14EE7B54}.Debug|x86.Build.0 = Debug|Win32
		{87058F11-CA50-426B-A095-F5AB14EE7B54}.Release|x64.ActiveCfg = Release|x64
		{87058F11-CA50-426B-A095-F5AB14EE7B54}.Release|x64.Build.0 = Release|x64
		{87058F11-CA50-426B-A095-F5AB14EE7B54}.Release|x86.ActiveCfg = Release|Win32
		{87058F11-CA50-426B-A095-F5AB14EE7B54}.Release|x86.Build.0 = Release|Win32
		{139682F1-202F-4CDE-8C54-7D6F6A75884A}.Debug|x64.ActiveCfg = Debug|x64
		{139682F1-202F-4CDE-8C54-7D6F6A75884A}.Debug|x64.Build.0 = Debug|x64
		{139682F1-202F-4CDE-8C54-7D6F6A75884A}.Debug|x86.ActiveCfg = Debug|Win32
		{139682F1-202F-4CDE-8C54-7D6F6A75884A}.Debug|x86.Build.0 = Debug|Win32
		{139682F1-202F-4CDE-8C54-7D6F6A75884A}.Release|x64.ActiveCfg = Release|x64
		{139682F1-202F-4CDE-8C54-7D6F6A75884A}.Release|x64.Build.0 = Release|x64
		{139682F1-202F-4CDE-8C54-7D6F6A75884A}.Release|x86.ActiveCfg = Release|Win32
		{139682F1-202F-4CDE-8C54-7D6F6A75884A}.Release|x86.Build.0 = Release|Win32
		{F15CFADB-0F67-4ABE-825A-D4D885C0545C}.Debug|x64.ActiveCfg = Debug|x64
		{F15CFADB-0F67-4ABE-825A-D4D885C0545C}.Debug|x64.Build.0 = Debug|x64
		{F15CFADB-0F67-4ABE-825A-D4D885C0545C}.Debug|x86.ActiveCfg = Debug|Win32
		{F15CFADB-0F67-4ABE-825A-D4D885C0545C}.Debug|x86.Build.0 = Debug|Win32
		{F15CFADB-0F67-4ABE-825A-D4D885C0545C}.Release|x64.ActiveCfg = Release|x64
		{F15CFADB-0F67-4ABE-825A-D4D885C0545C}.Release|x64.Build.0 = Release|x64
		{F15CFADB-0F67-4ABE-825A-D4D885C0545C}.Release|x86.ActiveCfg = Release|Win32
		{F15CFADB-0F67-4ABE-825A-D4D885C0545C}.Release|x86.Build.0 = Release|Win32
		{ACBBEC0F-479D-4A33-BA4E-B735DF9DF37B}.Debug|x64.ActiveCfg = Debug|x64
		{ACBBEC0F-479D-4A33-BA4E-B735DF9DF37B}.Debug|x64.Build.0 = Debug|x64
		{ACBBEC0F-479D-4A33-BA4E-B735DF9DF37B}.Debug|x86.ActiveCfg = Debug|Win32
		{ACBBEC0F-479D-4A33-BA4E-B735DF9DF37B}.Debug|x86.Build.0 = Debug|Win32
		{ACBBEC0F-479D-4A33-BA4E-B735DF9DF37B}.Release|x64.ActiveCfg = Release|x64
		{ACBBEC0F-479D-4A33-BA4E-B735DF9DF37B}.Release|x64.Build.0 = Release|x64
		{ACBBEC0F-479D-4A33-BA4E-B735DF9DF37B}.Release|x86.ActiveCfg = Release|Win32
		{ACBBEC0F-479D-4A33-BA4E-B735DF9DF37B}.Release|x86.Build.0 = Release|Win32
		{C7D74544-AF11-4886-A241-277AF6833B2A}.Debug|x64.ActiveCfg = Debug|x64
		{C7D74544-AF11-4886-A241-277AF6833B2A}.Debug|x64.Build.0 = Debug|x64
		{C7D74544-AF11-4886-A241-277AF6833B2A}.Debug|x86.ActiveCfg = Debug|Win32
		{C7D74544-AF11-4886-A241-277AF6833B2A}.Debug|x86.Build.0 = Debug|Win32
		{C7D74544-AF11-4886-A241-277AF6833B2A}.Release|x64.ActiveCfg = Release|x64
		{C7D74544-AF11-4886-A241-277AF6833B2A}.Release|x64.Build.0 = Release|x64
		{C7D74544-AF11-4886-A241-277AF6833B2A}.Release|x86.ActiveCfg = Release|Win32
		{C7D74544-AF11-4886-A241-277AF6833B2A}.Release|x86.Build.0 = Release|Win32
		{9D9596B4-784D-40B2-9BF6-933B0C9066C7}.Debug|x64.ActiveCfg = Debug|x64
		{9D9596B4-784D-40B2-9BF6-933B0C9066C7}.Debug|x64.Build.0 = Debug|x64
		{9D9596B4-784D-40B2-9BF6-933B0C9066C7}.Debug|x86.ActiveCfg = Debug|Win32
		{9D9596B4-784D-40B2-9BF6-933B0C9066C7}.Debug|x86.Build.0 = Debug|Win32
		{9D9596B4-784D-40B2-9BF6-933B0C9066C7}.Release|x64.ActiveCfg = Release|x64
		{9D9596B4-784D-40B2-9BF6-933B0C9066C7}.Release|x64.Build.0 = Release|x64
		{9D9596B4-784D-40B2-9BF6-933B0C9066C7}.Release|x86.ActiveCfg = Release|Win32
		{9D9596B4-784D-40B2-9BF6-933B0C9066C7}.Release|x86.Build.0 = Release|Win32
		{5802AB1D-CCB9-490C-80D7-612839B43AAE}.Debug|x64.ActiveCfg = Debug|x64
		{5802AB1D-CCB9-490C-80D7-612839B43AAE}.Debug|x64.Build.0 = Debug|x64
		{5802AB1D-CCB9-490C-80D7-612839B43AAE}.Debug|x86.ActiveCfg = Debug|Win32
		{5802AB1D-CCB9-490C-80D7-612839B43AAE}.Debug|x86.Build.0 = Debug|Win32
		{5802AB1D-CCB9-490C-80D7-612839B43AAE}.Release|x64.ActiveCfg = Release|x64
		{5802AB1D-CCB9-490C-80D7-612839B43AAE}.Release|x64.Build.0 = Release|x64
		{5802AB1D-CCB9-490C-80D7-612839B43AAE}.Release|x86.ActiveCfg = Release|Win32
		{5802AB1D-CCB9-490C-80D7-612839B43AAE}.Release|x86.Build.0 = Release|Win32
		{3155CA43-30F9-4005-92F5-F3D92329ACA1}.Debug|x64.ActiveCfg = Debug|x64
		{3155CA43-30F9-4005-92F5-F3D92329ACA1}.Debug|x64.Build.0 = Debug|x64
		{3155CA43-30F9-4005-92F5-F3D92329ACA1}.Debug|x86.ActiveCfg = Debug|Win32
		{3155CA43-30F9-4005-92F5-F3D92329ACA1}.Debug|x86.Build.0 = Debug|Win32
		{3155CA43-30F9-4005-92F5-F3D92329ACA1}.Release|x64.ActiveCfg = Release|x64
		{3155CA43-30F9-4005-92F5-F3D92329ACA1}.Release|x64.Build.0 = Release|x64
		{3155CA43-30F9-4005-92F5-F3D92329ACA1}.Release|x86.ActiveCfg = Release|Win32
		{3155CA43-30F9-4005-92F5-F3D92329ACA1}.Release|x86.Build.0 = Release|Win32
		{5B405CE6-0C04-43C2-BBA1-5668E1757656}.Debug|x64.ActiveCfg = Debug|x64
		{5B405CE6-0C04-43C2-BBA1-5668E1757656}.Debug|x64.Build.0 = Debug|x64
		{5B405CE6-0C04-43C2-BBA1-5668E1757656}.Debug|x86.ActiveCfg = Debug|Win32
		{5B405CE6-0C04-43C2-BBA1-5668E1757656}.Debug|x86.Build.0 = Debug|Win32
		{5B405CE6-0C04-43C2-BBA1-5668E1757656}.Release|x64.ActiveCfg = Release|x64
		{5B405CE6-0C04-43C2-BBA1-5668E1757656}.Release|x64.Build.0 = Release|x64
		{5B405CE6-0C04-43C2-BBA1-5668E1757656}.Release|x86.ActiveCfg = Release|Win32
		{5B405CE6-0C04-43C2-BBA1-5668E1757656}.Release|x86.Build.0 = Release|Win32
		{66458BD8-AEEB-4CEF-AAF8-B10032EEE90C}.Debug|x64.ActiveCfg = Debug|x64
		{66458BD8-AEEB-4CEF-AAF8-B10032EEE90C}.Debug|x64.Build.0 = Debug|x64
		{66458BD8-AEEB-4CEF-AAF8-B10032EEE90C}.Debug|x86.ActiveCfg = Debug|Win32
		{66458BD8-AEEB-4CEF-AAF8-B10032EEE90C}.Debug|x86.Build.0 = Debug|Win32
		{66458BD8-AEEB-4CEF-AAF8-B10032EEE90C}.Release|x64.ActiveCfg = Release|x64
		{66458BD8-AEEB-4CEF-AAF8-B10032EEE90C}.Release|x64.Build.0 = Release|x64
		{66458BD8-AEEB-4CEF-AAF8-B10032EEE90C}.Release|x86.ActiveCfg = Release|Win32
		{66458BD8-AEEB-4CEF-AAF8-B10032EEE90C}.Release|x86.Build.0 = Release|Win32
	EndGlobalSection
	GlobalSection(SolutionProperties) = preSolution
		HideSolutionNode = FALSE
	EndGlobalSection
	GlobalSection(ExtensibilityGlobals) = postSolution
		SolutionGuid = {32CBB9AD-B425-475D-8493-1D648348F60F}
	EndGlobalSection
EndGlobal
